// !$*UTF8*$!
{
	archiveVersion = 1;
	classes = {
	};
	objectVersion = 54;
	objects = {

/* Begin PBXAggregateTarget section */
		1EFDDC32A34D56D411E640A81DCD9E73 /* Flutter */ = {
			isa = PBXAggregateTarget;
			buildConfigurationList = 94078A06C17E946ADC1F2C06726219E5 /* Build configuration list for PBXAggregateTarget "Flutter" */;
			buildPhases = (
			);
			dependencies = (
			);
			name = Flutter;
		};
/* End PBXAggregateTarget section */

/* Begin PBXBuildFile section */
		05DC41CEADEF496ADD02A1C197BEEAA0 /* FLTPackageInfoPlusPlugin.m in Sources */ = {isa = PBXBuildFile; fileRef = 6058183403404219B9E7AB71E3FBD529 /* FLTPackageInfoPlusPlugin.m */; };
		143C8892028B57588F3A64ED3DD58462 /* Pods-Runner-dummy.m in Sources */ = {isa = PBXBuildFile; fileRef = E794494AB90477BA94C681E994ADF341 /* Pods-Runner-dummy.m */; };
		2401C748AE4FF4DEE2BCD2FE45495109 /* Foundation.framework in Frameworks */ = {isa = PBXBuildFile; fileRef = 73010CC983E3809BECEE5348DA1BB8C6 /* Foundation.framework */; };
		2871F59C74DB34DB578B75A31C49B78D /* package_info_plus-dummy.m in Sources */ = {isa = PBXBuildFile; fileRef = 6A7EA44DF542107E07EDB85E326BD6FF /* package_info_plus-dummy.m */; };
		2E6D1B1DCC89E64E0A1FE912A1654DF9 /* messages.g.m in Sources */ = {isa = PBXBuildFile; fileRef = 2E997A3D20420D3596096424E2389AD2 /* messages.g.m */; };
		45888376B27FFC6CF9176BB9830FD5F4 /* FLTURLLauncherPlugin.m in Sources */ = {isa = PBXBuildFile; fileRef = 04CF3D68642690512D708C358E4999B6 /* FLTURLLauncherPlugin.m */; };
		53021D177A3D4CF915C4629D68C13E82 /* FLTURLLauncherPlugin.h in Headers */ = {isa = PBXBuildFile; fileRef = 586BF5EC5BC5114C130DA3273CDB061D /* FLTURLLauncherPlugin.h */; settings = {ATTRIBUTES = (Public, ); }; };
		616B25AB8F5564574F54A506882025B2 /* url_launcher_ios-dummy.m in Sources */ = {isa = PBXBuildFile; fileRef = FBD8E2F37502C285677E2901BBFA5168 /* url_launcher_ios-dummy.m */; };
		68B81FE48F62841060F4FEBD2C45C554 /* package_info_plus-umbrella.h in Headers */ = {isa = PBXBuildFile; fileRef = 21F013248776B4D7EDF2B0532AAC5069 /* package_info_plus-umbrella.h */; settings = {ATTRIBUTES = (Public, ); }; };
		6B1E62EB116E7D7A6252B6F079890306 /* Pods-RunnerTests-dummy.m in Sources */ = {isa = PBXBuildFile; fileRef = 4D3DB54C128E3D88C0C9C7DDEA475ED7 /* Pods-RunnerTests-dummy.m */; };
		7584B725C70DA8A4FC5977E392A2554B /* url_launcher_ios-umbrella.h in Headers */ = {isa = PBXBuildFile; fileRef = 83A739DB51F9D0E09B2D856E7FDEFAF4 /* url_launcher_ios-umbrella.h */; settings = {ATTRIBUTES = (Public, ); }; };
		8229A95E9B39EA52A2062A5456198DEA /* messages.g.h in Headers */ = {isa = PBXBuildFile; fileRef = F7D8EA4BCAD936B49AE07FACB4523041 /* messages.g.h */; settings = {ATTRIBUTES = (Public, ); }; };
		87D5A25211588FD4CADD9ABA5CC21F1C /* FLTPackageInfoPlusPlugin.h in Headers */ = {isa = PBXBuildFile; fileRef = 4DDC00F3650EE3EF274B6A99737D540D /* FLTPackageInfoPlusPlugin.h */; settings = {ATTRIBUTES = (Public, ); }; };
		8C072F0AE53A62992BA496E9F772C9FB /* Pods-Runner-umbrella.h in Headers */ = {isa = PBXBuildFile; fileRef = 499E3722E8DACDC2AAA6C15AD1796520 /* Pods-Runner-umbrella.h */; settings = {ATTRIBUTES = (Public, ); }; };
		9A3A50BE56A78B0D405BA991C5C05B3B /* Foundation.framework in Frameworks */ = {isa = PBXBuildFile; fileRef = 73010CC983E3809BECEE5348DA1BB8C6 /* Foundation.framework */; };
		A8275AFC2406AC3C3FD31D6994820D0A /* FULLauncher.h in Headers */ = {isa = PBXBuildFile; fileRef = C82D9E91DF26B78CFEF6C7250E970EE8 /* FULLauncher.h */; settings = {ATTRIBUTES = (Public, ); }; };
		CCFBAA29557CD5B6B69F1FDBC7D66B25 /* Foundation.framework in Frameworks */ = {isa = PBXBuildFile; fileRef = 73010CC983E3809BECEE5348DA1BB8C6 /* Foundation.framework */; };
		D3D54629B8D1CD4E5544D7EFE74D43AC /* FLTURLLauncherPlugin_Test.h in Headers */ = {isa = PBXBuildFile; fileRef = 25CFB4764ECBA5EE6E7430C4ABA3ADEF /* FLTURLLauncherPlugin_Test.h */; settings = {ATTRIBUTES = (Public, ); }; };
		F297A62CB0F0E02FD58545E37B2B1CE4 /* Foundation.framework in Frameworks */ = {isa = PBXBuildFile; fileRef = 73010CC983E3809BECEE5348DA1BB8C6 /* Foundation.framework */; };
		FC05A1BE39A9244D5B09A2F3B09A967A /* Pods-RunnerTests-umbrella.h in Headers */ = {isa = PBXBuildFile; fileRef = 9E9B12BCE5540D02A80250C3EC16D399 /* Pods-RunnerTests-umbrella.h */; settings = {ATTRIBUTES = (Public, ); }; };
/* End PBXBuildFile section */

/* Begin PBXContainerItemProxy section */
		284868C94787184E47F02526AF61F60D /* PBXContainerItemProxy */ = {
			isa = PBXContainerItemProxy;
			containerPortal = BFDFE7DC352907FC980B868725387E98 /* Project object */;
			proxyType = 1;
			remoteGlobalIDString = 8B74B458B450D74B75744B87BD747314;
			remoteInfo = "Pods-Runner";
		};
		2CE5ED6C5ADC1E9C18FBF5E3F2C845F9 /* PBXContainerItemProxy */ = {
			isa = PBXContainerItemProxy;
			containerPortal = BFDFE7DC352907FC980B868725387E98 /* Project object */;
			proxyType = 1;
			remoteGlobalIDString = DF45E85925DF410BE416B32171F59C1F;
			remoteInfo = url_launcher_ios;
		};
		AE9765FD1F53BF32ACBB4479E362F5C1 /* PBXContainerItemProxy */ = {
			isa = PBXContainerItemProxy;
			containerPortal = BFDFE7DC352907FC980B868725387E98 /* Project object */;
			proxyType = 1;
			remoteGlobalIDString = 1EFDDC32A34D56D411E640A81DCD9E73;
			remoteInfo = Flutter;
		};
		FB2BE985B1DDF8C57ABC0BA34CEAA000 /* PBXContainerItemProxy */ = {
			isa = PBXContainerItemProxy;
			containerPortal = BFDFE7DC352907FC980B868725387E98 /* Project object */;
			proxyType = 1;
			remoteGlobalIDString = 54A00AF9F830F355D8FD8F6A4387F6A2;
			remoteInfo = package_info_plus;
		};
		FD20FBEF7D382DF65F23B332A84B5B57 /* PBXContainerItemProxy */ = {
			isa = PBXContainerItemProxy;
			containerPortal = BFDFE7DC352907FC980B868725387E98 /* Project object */;
			proxyType = 1;
			remoteGlobalIDString = 1EFDDC32A34D56D411E640A81DCD9E73;
			remoteInfo = Flutter;
		};
		FFD68A3F3F0BCE5C98FF200BBAA5BD14 /* PBXContainerItemProxy */ = {
			isa = PBXContainerItemProxy;
			containerPortal = BFDFE7DC352907FC980B868725387E98 /* Project object */;
			proxyType = 1;
			remoteGlobalIDString = 1EFDDC32A34D56D411E640A81DCD9E73;
			remoteInfo = Flutter;
		};
/* End PBXContainerItemProxy section */

/* Begin PBXFileReference section */
		03E8AD2E8B75443E12D3D3BD12A9900E /* Pods-RunnerTests.debug.xcconfig */ = {isa = PBXFileReference; includeInIndex = 1; lastKnownFileType = text.xcconfig; path = "Pods-RunnerTests.debug.xcconfig"; sourceTree = "<group>"; };
		04CF3D68642690512D708C358E4999B6 /* FLTURLLauncherPlugin.m */ = {isa = PBXFileReference; includeInIndex = 1; lastKnownFileType = sourcecode.c.objc; name = FLTURLLauncherPlugin.m; path = "../../../../../../../../../.pub-cache/hosted/pub.dev/url_launcher_ios-6.1.4/ios/Classes/FLTURLLauncherPlugin.m"; sourceTree = "<group>"; };
		0AFB643DA4919253F749E2836A5AAFDC /* Pods-Runner-Info.plist */ = {isa = PBXFileReference; includeInIndex = 1; lastKnownFileType = text.plist.xml; path = "Pods-Runner-Info.plist"; sourceTree = "<group>"; };
		0DE6E0BD70117EF9D7FFD1AF467F98E7 /* url_launcher_ios.modulemap */ = {isa = PBXFileReference; includeInIndex = 1; lastKnownFileType = sourcecode.module; path = url_launcher_ios.modulemap; sourceTree = "<group>"; };
		11AA7018F95317D959D9D2E76CBB2377 /* Pods-RunnerTests-acknowledgements.markdown */ = {isa = PBXFileReference; includeInIndex = 1; lastKnownFileType = text; path = "Pods-RunnerTests-acknowledgements.markdown"; sourceTree = "<group>"; };
		13366312892CD290362DCFB01E6A5274 /* url_launcher_ios.podspec */ = {isa = PBXFileReference; explicitFileType = text.script.ruby; includeInIndex = 1; indentWidth = 2; lastKnownFileType = text; name = url_launcher_ios.podspec; path = "../../../../../../../../.pub-cache/hosted/pub.dev/url_launcher_ios-6.1.4/ios/url_launcher_ios.podspec"; sourceTree = "<group>"; tabWidth = 2; xcLanguageSpecificationIdentifier = xcode.lang.ruby; };
		17E36D01167312B0FFB013B02DB05DC2 /* url_launcher_ios-Info.plist */ = {isa = PBXFileReference; includeInIndex = 1; lastKnownFileType = text.plist.xml; path = "url_launcher_ios-Info.plist"; sourceTree = "<group>"; };
		1B136F41D5B5FAE96EA576E768A5771D /* Pods-Runner-acknowledgements.plist */ = {isa = PBXFileReference; includeInIndex = 1; lastKnownFileType = text.plist.xml; path = "Pods-Runner-acknowledgements.plist"; sourceTree = "<group>"; };
		20B5C0857CB1971B4C39DCBF1BC8C0E2 /* url_launcher_ios.release.xcconfig */ = {isa = PBXFileReference; includeInIndex = 1; lastKnownFileType = text.xcconfig; path = url_launcher_ios.release.xcconfig; sourceTree = "<group>"; };
		21F013248776B4D7EDF2B0532AAC5069 /* package_info_plus-umbrella.h */ = {isa = PBXFileReference; includeInIndex = 1; lastKnownFileType = sourcecode.c.h; path = "package_info_plus-umbrella.h"; sourceTree = "<group>"; };
		25CFB4764ECBA5EE6E7430C4ABA3ADEF /* FLTURLLauncherPlugin_Test.h */ = {isa = PBXFileReference; includeInIndex = 1; lastKnownFileType = sourcecode.c.h; name = FLTURLLauncherPlugin_Test.h; path = "../../../../../../../../../.pub-cache/hosted/pub.dev/url_launcher_ios-6.1.4/ios/Classes/FLTURLLauncherPlugin_Test.h"; sourceTree = "<group>"; };
		2E997A3D20420D3596096424E2389AD2 /* messages.g.m */ = {isa = PBXFileReference; includeInIndex = 1; lastKnownFileType = sourcecode.c.objc; name = messages.g.m; path = "../../../../../../../../../.pub-cache/hosted/pub.dev/url_launcher_ios-6.1.4/ios/Classes/messages.g.m"; sourceTree = "<group>"; };
		32212A69AC7DB08A1FFF8EA16DAA4A65 /* Flutter.debug.xcconfig */ = {isa = PBXFileReference; includeInIndex = 1; lastKnownFileType = text.xcconfig; path = Flutter.debug.xcconfig; sourceTree = "<group>"; };
		33AAEFB8DCCEBDC2664D93138651BEB4 /* Flutter.release.xcconfig */ = {isa = PBXFileReference; includeInIndex = 1; lastKnownFileType = text.xcconfig; path = Flutter.release.xcconfig; sourceTree = "<group>"; };
		499E3722E8DACDC2AAA6C15AD1796520 /* Pods-Runner-umbrella.h */ = {isa = PBXFileReference; includeInIndex = 1; lastKnownFileType = sourcecode.c.h; path = "Pods-Runner-umbrella.h"; sourceTree = "<group>"; };
		4A3DD631DA28705FA6F807C265D1BE14 /* package_info_plus.debug.xcconfig */ = {isa = PBXFileReference; includeInIndex = 1; lastKnownFileType = text.xcconfig; path = package_info_plus.debug.xcconfig; sourceTree = "<group>"; };
		4D3DB54C128E3D88C0C9C7DDEA475ED7 /* Pods-RunnerTests-dummy.m */ = {isa = PBXFileReference; includeInIndex = 1; lastKnownFileType = sourcecode.c.objc; path = "Pods-RunnerTests-dummy.m"; sourceTree = "<group>"; };
		4DDC00F3650EE3EF274B6A99737D540D /* FLTPackageInfoPlusPlugin.h */ = {isa = PBXFileReference; includeInIndex = 1; lastKnownFileType = sourcecode.c.h; name = FLTPackageInfoPlusPlugin.h; path = "../../../../../../../../../.pub-cache/hosted/pub.dev/package_info_plus-4.1.0/ios/Classes/FLTPackageInfoPlusPlugin.h"; sourceTree = "<group>"; };
		586BF5EC5BC5114C130DA3273CDB061D /* FLTURLLauncherPlugin.h */ = {isa = PBXFileReference; includeInIndex = 1; lastKnownFileType = sourcecode.c.h; name = FLTURLLauncherPlugin.h; path = "../../../../../../../../../.pub-cache/hosted/pub.dev/url_launcher_ios-6.1.4/ios/Classes/FLTURLLauncherPlugin.h"; sourceTree = "<group>"; };
		5A73C45EAB24986AE1F1F22B597E6C35 /* package_info_plus.podspec */ = {isa = PBXFileReference; explicitFileType = text.script.ruby; includeInIndex = 1; indentWidth = 2; lastKnownFileType = text; name = package_info_plus.podspec; path = "../../../../../../../../.pub-cache/hosted/pub.dev/package_info_plus-4.1.0/ios/package_info_plus.podspec"; sourceTree = "<group>"; tabWidth = 2; xcLanguageSpecificationIdentifier = xcode.lang.ruby; };
		6058183403404219B9E7AB71E3FBD529 /* FLTPackageInfoPlusPlugin.m */ = {isa = PBXFileReference; includeInIndex = 1; lastKnownFileType = sourcecode.c.objc; name = FLTPackageInfoPlusPlugin.m; path = "../../../../../../../../../.pub-cache/hosted/pub.dev/package_info_plus-4.1.0/ios/Classes/FLTPackageInfoPlusPlugin.m"; sourceTree = "<group>"; };
		669E8F25E1897672BDB80B7EB784DA24 /* Pods-Runner */ = {isa = PBXFileReference; explicitFileType = wrapper.framework; includeInIndex = 0; name = "Pods-Runner"; path = Pods_Runner.framework; sourceTree = BUILT_PRODUCTS_DIR; };
		6A7EA44DF542107E07EDB85E326BD6FF /* package_info_plus-dummy.m */ = {isa = PBXFileReference; includeInIndex = 1; lastKnownFileType = sourcecode.c.objc; path = "package_info_plus-dummy.m"; sourceTree = "<group>"; };
		6C3345B1B3CAEDF5B03B1F731FDC492E /* Pods-RunnerTests */ = {isa = PBXFileReference; explicitFileType = wrapper.framework; includeInIndex = 0; name = "Pods-RunnerTests"; path = Pods_RunnerTests.framework; sourceTree = BUILT_PRODUCTS_DIR; };
		728A5ED1DD60BAC8C8F382A87B976F84 /* Pods-Runner.debug.xcconfig */ = {isa = PBXFileReference; includeInIndex = 1; lastKnownFileType = text.xcconfig; path = "Pods-Runner.debug.xcconfig"; sourceTree = "<group>"; };
		73010CC983E3809BECEE5348DA1BB8C6 /* Foundation.framework */ = {isa = PBXFileReference; lastKnownFileType = wrapper.framework; name = Foundation.framework; path = Platforms/iPhoneOS.platform/Developer/SDKs/iPhoneOS14.0.sdk/System/Library/Frameworks/Foundation.framework; sourceTree = DEVELOPER_DIR; };
		7521DD64452446EBE9CBBB46FAACD302 /* package_info_plus-Info.plist */ = {isa = PBXFileReference; includeInIndex = 1; lastKnownFileType = text.plist.xml; path = "package_info_plus-Info.plist"; sourceTree = "<group>"; };
		773BFCE41424EB8EBB72EF3F6A5FB719 /* Pods-Runner-frameworks.sh */ = {isa = PBXFileReference; includeInIndex = 1; lastKnownFileType = text.script.sh; path = "Pods-Runner-frameworks.sh"; sourceTree = "<group>"; };
		79C458E3F6863278535D385796140A69 /* LICENSE */ = {isa = PBXFileReference; includeInIndex = 1; name = LICENSE; path = "../../../../../../../../.pub-cache/hosted/pub.dev/package_info_plus-4.1.0/LICENSE"; sourceTree = "<group>"; };
		79F83F4D505FA40C1CD18A8029181D59 /* Pods-RunnerTests-acknowledgements.plist */ = {isa = PBXFileReference; includeInIndex = 1; lastKnownFileType = text.plist.xml; path = "Pods-RunnerTests-acknowledgements.plist"; sourceTree = "<group>"; };
		7B7C06D35B3BC2BD649AAA1A489E49DA /* url_launcher_ios */ = {isa = PBXFileReference; explicitFileType = wrapper.framework; includeInIndex = 0; name = url_launcher_ios; path = url_launcher_ios.framework; sourceTree = BUILT_PRODUCTS_DIR; };
		83A739DB51F9D0E09B2D856E7FDEFAF4 /* url_launcher_ios-umbrella.h */ = {isa = PBXFileReference; includeInIndex = 1; lastKnownFileType = sourcecode.c.h; path = "url_launcher_ios-umbrella.h"; sourceTree = "<group>"; };
		92F00843D8FE10F04BD35C49DC142A1C /* url_launcher_ios-prefix.pch */ = {isa = PBXFileReference; includeInIndex = 1; lastKnownFileType = sourcecode.c.h; path = "url_launcher_ios-prefix.pch"; sourceTree = "<group>"; };
		9D940727FF8FB9C785EB98E56350EF41 /* Podfile */ = {isa = PBXFileReference; explicitFileType = text.script.ruby; includeInIndex = 1; indentWidth = 2; lastKnownFileType = text; name = Podfile; path = ../Podfile; sourceTree = SOURCE_ROOT; tabWidth = 2; xcLanguageSpecificationIdentifier = xcode.lang.ruby; };
		9E9B12BCE5540D02A80250C3EC16D399 /* Pods-RunnerTests-umbrella.h */ = {isa = PBXFileReference; includeInIndex = 1; lastKnownFileType = sourcecode.c.h; path = "Pods-RunnerTests-umbrella.h"; sourceTree = "<group>"; };
		AC8FE152530FBDCE460186B326C1A8FB /* Pods-RunnerTests.release.xcconfig */ = {isa = PBXFileReference; includeInIndex = 1; lastKnownFileType = text.xcconfig; path = "Pods-RunnerTests.release.xcconfig"; sourceTree = "<group>"; };
		B00A5ECAED4CA0C16FF7C65365BC0334 /* Pods-RunnerTests-Info.plist */ = {isa = PBXFileReference; includeInIndex = 1; lastKnownFileType = text.plist.xml; path = "Pods-RunnerTests-Info.plist"; sourceTree = "<group>"; };
		B0BD57AB3672E53828D11C2A3368023A /* Pods-RunnerTests.modulemap */ = {isa = PBXFileReference; includeInIndex = 1; lastKnownFileType = sourcecode.module; path = "Pods-RunnerTests.modulemap"; sourceTree = "<group>"; };
		B4E2ADA8906E876D53D7F65740A78341 /* package_info_plus.modulemap */ = {isa = PBXFileReference; includeInIndex = 1; lastKnownFileType = sourcecode.module; path = package_info_plus.modulemap; sourceTree = "<group>"; };
		B703785507B22BAF0B800737429577EC /* Pods-Runner.release.xcconfig */ = {isa = PBXFileReference; includeInIndex = 1; lastKnownFileType = text.xcconfig; path = "Pods-Runner.release.xcconfig"; sourceTree = "<group>"; };
		B710AA8031A6E31B147DDAC16B2A2C70 /* package_info_plus-prefix.pch */ = {isa = PBXFileReference; includeInIndex = 1; lastKnownFileType = sourcecode.c.h; path = "package_info_plus-prefix.pch"; sourceTree = "<group>"; };
		C24C1A035F22D24883C6F1876F274C6F /* Pods-Runner.modulemap */ = {isa = PBXFileReference; includeInIndex = 1; lastKnownFileType = sourcecode.module; path = "Pods-Runner.modulemap"; sourceTree = "<group>"; };
		C39BE06027F24EB0328A76E7507FA463 /* package_info_plus */ = {isa = PBXFileReference; explicitFileType = wrapper.framework; includeInIndex = 0; name = package_info_plus; path = package_info_plus.framework; sourceTree = BUILT_PRODUCTS_DIR; };
		C50FD10CD19FF6999637BA5ECAF1681B /* Pods-Runner.profile.xcconfig */ = {isa = PBXFileReference; includeInIndex = 1; lastKnownFileType = text.xcconfig; path = "Pods-Runner.profile.xcconfig"; sourceTree = "<group>"; };
		C82D9E91DF26B78CFEF6C7250E970EE8 /* FULLauncher.h */ = {isa = PBXFileReference; includeInIndex = 1; lastKnownFileType = sourcecode.c.h; name = FULLauncher.h; path = "../../../../../../../../../.pub-cache/hosted/pub.dev/url_launcher_ios-6.1.4/ios/Classes/FULLauncher.h"; sourceTree = "<group>"; };
		E3726B5E4838FD0A08AA66A32E70B49E /* url_launcher_ios.debug.xcconfig */ = {isa = PBXFileReference; includeInIndex = 1; lastKnownFileType = text.xcconfig; path = url_launcher_ios.debug.xcconfig; sourceTree = "<group>"; };
		E736E0C9C5B73D27B8865E363E2108AC /* Pods-RunnerTests.profile.xcconfig */ = {isa = PBXFileReference; includeInIndex = 1; lastKnownFileType = text.xcconfig; path = "Pods-RunnerTests.profile.xcconfig"; sourceTree = "<group>"; };
		E794494AB90477BA94C681E994ADF341 /* Pods-Runner-dummy.m */ = {isa = PBXFileReference; includeInIndex = 1; lastKnownFileType = sourcecode.c.objc; path = "Pods-Runner-dummy.m"; sourceTree = "<group>"; };
		E9A9762ACC2EF58130537E5CEFA6AF4D /* package_info_plus.release.xcconfig */ = {isa = PBXFileReference; includeInIndex = 1; lastKnownFileType = text.xcconfig; path = package_info_plus.release.xcconfig; sourceTree = "<group>"; };
		ECDF6AA713870989438BA93B395DC557 /* Pods-Runner-acknowledgements.markdown */ = {isa = PBXFileReference; includeInIndex = 1; lastKnownFileType = text; path = "Pods-Runner-acknowledgements.markdown"; sourceTree = "<group>"; };
		F001742CCE6ED6FB7A88A1158AF1C6E9 /* LICENSE */ = {isa = PBXFileReference; includeInIndex = 1; name = LICENSE; path = "../../../../../../../../.pub-cache/hosted/pub.dev/url_launcher_ios-6.1.4/LICENSE"; sourceTree = "<group>"; };
		F64AD2B81EFBC0D7D38FCA94679411A7 /* Flutter.podspec */ = {isa = PBXFileReference; explicitFileType = text.script.ruby; includeInIndex = 1; indentWidth = 2; lastKnownFileType = text; path = Flutter.podspec; sourceTree = "<group>"; tabWidth = 2; xcLanguageSpecificationIdentifier = xcode.lang.ruby; };
		F7D8EA4BCAD936B49AE07FACB4523041 /* messages.g.h */ = {isa = PBXFileReference; includeInIndex = 1; lastKnownFileType = sourcecode.c.h; name = messages.g.h; path = "../../../../../../../../../.pub-cache/hosted/pub.dev/url_launcher_ios-6.1.4/ios/Classes/messages.g.h"; sourceTree = "<group>"; };
		FBD8E2F37502C285677E2901BBFA5168 /* url_launcher_ios-dummy.m */ = {isa = PBXFileReference; includeInIndex = 1; lastKnownFileType = sourcecode.c.objc; path = "url_launcher_ios-dummy.m"; sourceTree = "<group>"; };
/* End PBXFileReference section */

/* Begin PBXFrameworksBuildPhase section */
		195B28298C85805794E9556F7EA07882 /* Frameworks */ = {
			isa = PBXFrameworksBuildPhase;
			buildActionMask = 2147483647;
			files = (
				2401C748AE4FF4DEE2BCD2FE45495109 /* Foundation.framework in Frameworks */,
			);
			runOnlyForDeploymentPostprocessing = 0;
		};
		6E16A72BDAB169110C0C5A7F3754A255 /* Frameworks */ = {
			isa = PBXFrameworksBuildPhase;
			buildActionMask = 2147483647;
			files = (
				9A3A50BE56A78B0D405BA991C5C05B3B /* Foundation.framework in Frameworks */,
			);
			runOnlyForDeploymentPostprocessing = 0;
		};
		CFB7C2D7AF3EFD222DAC919F4C71CF11 /* Frameworks */ = {
			isa = PBXFrameworksBuildPhase;
			buildActionMask = 2147483647;
			files = (
				CCFBAA29557CD5B6B69F1FDBC7D66B25 /* Foundation.framework in Frameworks */,
			);
			runOnlyForDeploymentPostprocessing = 0;
		};
		FF98C185B0E57E3BA2D2B8C02403D0EB /* Frameworks */ = {
			isa = PBXFrameworksBuildPhase;
			buildActionMask = 2147483647;
			files = (
				F297A62CB0F0E02FD58545E37B2B1CE4 /* Foundation.framework in Frameworks */,
			);
			runOnlyForDeploymentPostprocessing = 0;
		};
/* End PBXFrameworksBuildPhase section */

/* Begin PBXGroup section */
		02CACFAEA88AC0BA7D8A684B855170BB /* ios */ = {
			isa = PBXGroup;
			children = (
				0AD907F27FF412683CBDD30E59E93EE3 /* Classes */,
			);
			name = ios;
			path = ios;
			sourceTree = "<group>";
		};
		0AD907F27FF412683CBDD30E59E93EE3 /* Classes */ = {
			isa = PBXGroup;
			children = (
				4DDC00F3650EE3EF274B6A99737D540D /* FLTPackageInfoPlusPlugin.h */,
				6058183403404219B9E7AB71E3FBD529 /* FLTPackageInfoPlusPlugin.m */,
			);
			name = Classes;
			path = Classes;
			sourceTree = "<group>";
		};
		15D4EA2958FC69CFC80D07434A1C1D52 /* package_info_plus */ = {
			isa = PBXGroup;
			children = (
				4DEB1B0248E0059B244742EDF82F4F33 /* .. */,
				E4A3E79392489733345291BE9F9C8BBA /* Pod */,
				1D77397D76D49E9BA056A167245AC22D /* Support Files */,
			);
			name = package_info_plus;
			path = ../.symlinks/plugins/package_info_plus/ios;
			sourceTree = "<group>";
		};
		1D77397D76D49E9BA056A167245AC22D /* Support Files */ = {
			isa = PBXGroup;
			children = (
				B4E2ADA8906E876D53D7F65740A78341 /* package_info_plus.modulemap */,
				6A7EA44DF542107E07EDB85E326BD6FF /* package_info_plus-dummy.m */,
				7521DD64452446EBE9CBBB46FAACD302 /* package_info_plus-Info.plist */,
				B710AA8031A6E31B147DDAC16B2A2C70 /* package_info_plus-prefix.pch */,
				21F013248776B4D7EDF2B0532AAC5069 /* package_info_plus-umbrella.h */,
				4A3DD631DA28705FA6F807C265D1BE14 /* package_info_plus.debug.xcconfig */,
				E9A9762ACC2EF58130537E5CEFA6AF4D /* package_info_plus.release.xcconfig */,
			);
			name = "Support Files";
			path = "../../../../Pods/Target Support Files/package_info_plus";
			sourceTree = "<group>";
		};
		213D99D2F3848CFA969E1F7C3E3AF99F /* kurohonchoice */ = {
			isa = PBXGroup;
			children = (
				549BC40E21C69E732B92770AEDA94AC9 /* kurohonchoice */,
			);
			name = kurohonchoice;
			path = kurohonchoice;
			sourceTree = "<group>";
		};
		2225D3E0BC7537273A8296171D8F645C /* kurohonchoice */ = {
			isa = PBXGroup;
			children = (
				99D3325D6ADE3585E280B0B3E22C6F89 /* ios */,
			);
			name = kurohonchoice;
			path = kurohonchoice;
			sourceTree = "<group>";
		};
		297676CB691C386AF032ABEC434070CA /* url_launcher_ios */ = {
			isa = PBXGroup;
			children = (
				8297516D5658AFED26CF22A4E0DFBACD /* ios */,
			);
			name = url_launcher_ios;
			path = url_launcher_ios;
			sourceTree = "<group>";
		};
		2DB8426A477BA92773F00012EBA84D53 /* Targets Support Files */ = {
			isa = PBXGroup;
			children = (
				E806A4F97D48F5FD3B4CA1BC617EA1F5 /* Pods-Runner */,
				537E840C4F4E30B706FD9D64B15C53A7 /* Pods-RunnerTests */,
			);
			name = "Targets Support Files";
			sourceTree = "<group>";
		};
		310404C7CBAA3D28A4D10BBC9E37365D /* .. */ = {
			isa = PBXGroup;
			children = (
				D90DF4BEDAEFBFD8FD3A9456A6DBC9EA /* .. */,
			);
			name = ..;
			path = ..;
			sourceTree = "<group>";
		};
		37CF0ECC7E8A9398880E00D9DEA32D19 /* Flutter */ = {
			isa = PBXGroup;
			children = (
				5ABA814342FC8334BF719017B8313D64 /* kurohonchoice */,
			);
			name = Flutter;
			path = Flutter;
			sourceTree = "<group>";
		};
		3EB799665B8444C69C552FA002DF042D /* .symlinks */ = {
			isa = PBXGroup;
			children = (
				FE3820D228790A7FB42BA22745F44CD4 /* plugins */,
			);
			name = .symlinks;
			path = .symlinks;
			sourceTree = "<group>";
		};
		494856CFCA1BC1AE2B5DE077A7FD6BBF /* Pod */ = {
			isa = PBXGroup;
			children = (
				F001742CCE6ED6FB7A88A1158AF1C6E9 /* LICENSE */,
				13366312892CD290362DCFB01E6A5274 /* url_launcher_ios.podspec */,
			);
			name = Pod;
			sourceTree = "<group>";
		};
		4DEB1B0248E0059B244742EDF82F4F33 /* .. */ = {
			isa = PBXGroup;
			children = (
				9CE0E58208BED2330DC875E10B506979 /* .. */,
			);
			name = ..;
			path = "../../../../../../../../.pub-cache/hosted/pub.dev/package_info_plus-4.1.0/ios";
			sourceTree = "<group>";
		};
		537E840C4F4E30B706FD9D64B15C53A7 /* Pods-RunnerTests */ = {
			isa = PBXGroup;
			children = (
				B0BD57AB3672E53828D11C2A3368023A /* Pods-RunnerTests.modulemap */,
				11AA7018F95317D959D9D2E76CBB2377 /* Pods-RunnerTests-acknowledgements.markdown */,
				79F83F4D505FA40C1CD18A8029181D59 /* Pods-RunnerTests-acknowledgements.plist */,
				4D3DB54C128E3D88C0C9C7DDEA475ED7 /* Pods-RunnerTests-dummy.m */,
				B00A5ECAED4CA0C16FF7C65365BC0334 /* Pods-RunnerTests-Info.plist */,
				9E9B12BCE5540D02A80250C3EC16D399 /* Pods-RunnerTests-umbrella.h */,
				03E8AD2E8B75443E12D3D3BD12A9900E /* Pods-RunnerTests.debug.xcconfig */,
				E736E0C9C5B73D27B8865E363E2108AC /* Pods-RunnerTests.profile.xcconfig */,
				AC8FE152530FBDCE460186B326C1A8FB /* Pods-RunnerTests.release.xcconfig */,
			);
			name = "Pods-RunnerTests";
			path = "Target Support Files/Pods-RunnerTests";
			sourceTree = "<group>";
		};
		549BC40E21C69E732B92770AEDA94AC9 /* kurohonchoice */ = {
			isa = PBXGroup;
			children = (
				8597D30687D1A76AFC103B68598720FA /* ios */,
			);
			name = kurohonchoice;
			path = kurohonchoice;
			sourceTree = "<group>";
		};
		55380BCC26D48400F3FB9708A2B67B47 /* Development Pods */ = {
			isa = PBXGroup;
			children = (
				A82277F4315E1B04E28AE09103DF337E /* Flutter */,
				15D4EA2958FC69CFC80D07434A1C1D52 /* package_info_plus */,
				820A469B919260B6400CD537FC46D576 /* url_launcher_ios */,
			);
			name = "Development Pods";
			sourceTree = "<group>";
		};
		55A40B40A3248EBAD29F12E621018EB1 /* package_info_plus */ = {
			isa = PBXGroup;
			children = (
				02CACFAEA88AC0BA7D8A684B855170BB /* ios */,
			);
			name = package_info_plus;
			path = package_info_plus;
			sourceTree = "<group>";
		};
		578452D2E740E91742655AC8F1636D1F /* iOS */ = {
			isa = PBXGroup;
			children = (
				73010CC983E3809BECEE5348DA1BB8C6 /* Foundation.framework */,
			);
			name = iOS;
			sourceTree = "<group>";
		};
		57E086D8BFCE179B629ED8D4358347EE /* Support Files */ = {
			isa = PBXGroup;
			children = (
				0DE6E0BD70117EF9D7FFD1AF467F98E7 /* url_launcher_ios.modulemap */,
				FBD8E2F37502C285677E2901BBFA5168 /* url_launcher_ios-dummy.m */,
				17E36D01167312B0FFB013B02DB05DC2 /* url_launcher_ios-Info.plist */,
				92F00843D8FE10F04BD35C49DC142A1C /* url_launcher_ios-prefix.pch */,
				83A739DB51F9D0E09B2D856E7FDEFAF4 /* url_launcher_ios-umbrella.h */,
				E3726B5E4838FD0A08AA66A32E70B49E /* url_launcher_ios.debug.xcconfig */,
				20B5C0857CB1971B4C39DCBF1BC8C0E2 /* url_launcher_ios.release.xcconfig */,
			);
			name = "Support Files";
			path = "../../../../Pods/Target Support Files/url_launcher_ios";
			sourceTree = "<group>";
		};
		5ABA814342FC8334BF719017B8313D64 /* kurohonchoice */ = {
			isa = PBXGroup;
			children = (
				2225D3E0BC7537273A8296171D8F645C /* kurohonchoice */,
			);
			name = kurohonchoice;
			path = kurohonchoice;
			sourceTree = "<group>";
		};
		5F03050E9F71A81DAC7B0BC37D4FFD73 /* .. */ = {
			isa = PBXGroup;
			children = (
				D78A65724588F7111669D3974F161593 /* .. */,
			);
			name = ..;
			path = ..;
			sourceTree = "<group>";
		};
		6CDC4193F1CBEC1D323D245DD500EBA8 /* .. */ = {
			isa = PBXGroup;
			children = (
				8640B95D1DE3634AE2870E94CC3FB95D /* .. */,
			);
			name = ..;
			path = ..;
			sourceTree = "<group>";
		};
		72F58B995D4779957BC19CC42D0D5614 /* .. */ = {
			isa = PBXGroup;
			children = (
				851AF35A4F736CA64771A0347AD987BC /* .. */,
			);
			name = ..;
			path = ..;
			sourceTree = "<group>";
		};
		74510AFF93D56024C5CAC6BF3F66FA2C /* plugins */ = {
			isa = PBXGroup;
			children = (
				297676CB691C386AF032ABEC434070CA /* url_launcher_ios */,
			);
			name = plugins;
			path = plugins;
			sourceTree = "<group>";
		};
		7D52CF18153B20FCAF82621915D47827 /* Flutter */ = {
			isa = PBXGroup;
			children = (
				213D99D2F3848CFA969E1F7C3E3AF99F /* kurohonchoice */,
			);
			name = Flutter;
			path = Flutter;
			sourceTree = "<group>";
		};
		7FD3836A523B5573DBE4F71F8371637F /* Pod */ = {
			isa = PBXGroup;
			children = (
				F64AD2B81EFBC0D7D38FCA94679411A7 /* Flutter.podspec */,
			);
			name = Pod;
			sourceTree = "<group>";
		};
		820A469B919260B6400CD537FC46D576 /* url_launcher_ios */ = {
			isa = PBXGroup;
			children = (
				EAA212F672045C99C217FE7442719FB2 /* .. */,
				494856CFCA1BC1AE2B5DE077A7FD6BBF /* Pod */,
				57E086D8BFCE179B629ED8D4358347EE /* Support Files */,
			);
			name = url_launcher_ios;
			path = ../.symlinks/plugins/url_launcher_ios/ios;
			sourceTree = "<group>";
		};
		8297516D5658AFED26CF22A4E0DFBACD /* ios */ = {
			isa = PBXGroup;
			children = (
				F6FA26F87349E32E94B1DDE12BC29325 /* Classes */,
			);
			name = ios;
			path = ios;
			sourceTree = "<group>";
		};
		851AF35A4F736CA64771A0347AD987BC /* .. */ = {
			isa = PBXGroup;
			children = (
				37CF0ECC7E8A9398880E00D9DEA32D19 /* Flutter */,
			);
			name = ..;
			path = ..;
			sourceTree = "<group>";
		};
		8597D30687D1A76AFC103B68598720FA /* ios */ = {
			isa = PBXGroup;
			children = (
				3EB799665B8444C69C552FA002DF042D /* .symlinks */,
			);
			name = ios;
			path = ios;
			sourceTree = "<group>";
		};
		8640B95D1DE3634AE2870E94CC3FB95D /* .. */ = {
			isa = PBXGroup;
			children = (
				7D52CF18153B20FCAF82621915D47827 /* Flutter */,
			);
			name = ..;
			path = ..;
			sourceTree = "<group>";
		};
		99D3325D6ADE3585E280B0B3E22C6F89 /* ios */ = {
			isa = PBXGroup;
			children = (
				E9DC28E353DF53790AD60904FB723529 /* .symlinks */,
			);
			name = ios;
			path = ios;
			sourceTree = "<group>";
		};
		9CE0E58208BED2330DC875E10B506979 /* .. */ = {
			isa = PBXGroup;
			children = (
				5F03050E9F71A81DAC7B0BC37D4FFD73 /* .. */,
			);
			name = ..;
			path = ..;
			sourceTree = "<group>";
		};
		A82277F4315E1B04E28AE09103DF337E /* Flutter */ = {
			isa = PBXGroup;
			children = (
				7FD3836A523B5573DBE4F71F8371637F /* Pod */,
				AFA22F5430FC5E6BED34FBF9B2C3FB27 /* Support Files */,
			);
			name = Flutter;
			path = ../Flutter;
			sourceTree = "<group>";
		};
		AFA22F5430FC5E6BED34FBF9B2C3FB27 /* Support Files */ = {
			isa = PBXGroup;
			children = (
				32212A69AC7DB08A1FFF8EA16DAA4A65 /* Flutter.debug.xcconfig */,
				33AAEFB8DCCEBDC2664D93138651BEB4 /* Flutter.release.xcconfig */,
			);
			name = "Support Files";
			path = "../Pods/Target Support Files/Flutter";
			sourceTree = "<group>";
		};
		CF1408CF629C7361332E53B88F7BD30C = {
			isa = PBXGroup;
			children = (
				9D940727FF8FB9C785EB98E56350EF41 /* Podfile */,
				55380BCC26D48400F3FB9708A2B67B47 /* Development Pods */,
				D210D550F4EA176C3123ED886F8F87F5 /* Frameworks */,
				D7B05B413EFD2BF893B880C435550642 /* Products */,
				2DB8426A477BA92773F00012EBA84D53 /* Targets Support Files */,
			);
			sourceTree = "<group>";
		};
		D210D550F4EA176C3123ED886F8F87F5 /* Frameworks */ = {
			isa = PBXGroup;
			children = (
				578452D2E740E91742655AC8F1636D1F /* iOS */,
			);
			name = Frameworks;
			sourceTree = "<group>";
		};
		D78A65724588F7111669D3974F161593 /* .. */ = {
			isa = PBXGroup;
			children = (
				6CDC4193F1CBEC1D323D245DD500EBA8 /* .. */,
			);
			name = ..;
			path = ..;
			sourceTree = "<group>";
		};
		D7B05B413EFD2BF893B880C435550642 /* Products */ = {
			isa = PBXGroup;
			children = (
				C39BE06027F24EB0328A76E7507FA463 /* package_info_plus */,
				669E8F25E1897672BDB80B7EB784DA24 /* Pods-Runner */,
				6C3345B1B3CAEDF5B03B1F731FDC492E /* Pods-RunnerTests */,
				7B7C06D35B3BC2BD649AAA1A489E49DA /* url_launcher_ios */,
			);
			name = Products;
			sourceTree = "<group>";
		};
		D90DF4BEDAEFBFD8FD3A9456A6DBC9EA /* .. */ = {
			isa = PBXGroup;
			children = (
				F99C87D297315AD4FF2354931EB0B0EE /* .. */,
			);
			name = ..;
			path = ..;
			sourceTree = "<group>";
		};
		E4A3E79392489733345291BE9F9C8BBA /* Pod */ = {
			isa = PBXGroup;
			children = (
				79C458E3F6863278535D385796140A69 /* LICENSE */,
				5A73C45EAB24986AE1F1F22B597E6C35 /* package_info_plus.podspec */,
			);
			name = Pod;
			sourceTree = "<group>";
		};
		E806A4F97D48F5FD3B4CA1BC617EA1F5 /* Pods-Runner */ = {
			isa = PBXGroup;
			children = (
				C24C1A035F22D24883C6F1876F274C6F /* Pods-Runner.modulemap */,
				ECDF6AA713870989438BA93B395DC557 /* Pods-Runner-acknowledgements.markdown */,
				1B136F41D5B5FAE96EA576E768A5771D /* Pods-Runner-acknowledgements.plist */,
				E794494AB90477BA94C681E994ADF341 /* Pods-Runner-dummy.m */,
				773BFCE41424EB8EBB72EF3F6A5FB719 /* Pods-Runner-frameworks.sh */,
				0AFB643DA4919253F749E2836A5AAFDC /* Pods-Runner-Info.plist */,
				499E3722E8DACDC2AAA6C15AD1796520 /* Pods-Runner-umbrella.h */,
				728A5ED1DD60BAC8C8F382A87B976F84 /* Pods-Runner.debug.xcconfig */,
				C50FD10CD19FF6999637BA5ECAF1681B /* Pods-Runner.profile.xcconfig */,
				B703785507B22BAF0B800737429577EC /* Pods-Runner.release.xcconfig */,
			);
			name = "Pods-Runner";
			path = "Target Support Files/Pods-Runner";
			sourceTree = "<group>";
		};
		E9DC28E353DF53790AD60904FB723529 /* .symlinks */ = {
			isa = PBXGroup;
			children = (
				74510AFF93D56024C5CAC6BF3F66FA2C /* plugins */,
			);
			name = .symlinks;
			path = .symlinks;
			sourceTree = "<group>";
		};
		EAA212F672045C99C217FE7442719FB2 /* .. */ = {
			isa = PBXGroup;
			children = (
				310404C7CBAA3D28A4D10BBC9E37365D /* .. */,
			);
			name = ..;
			path = "../../../../../../../../.pub-cache/hosted/pub.dev/url_launcher_ios-6.1.4/ios";
			sourceTree = "<group>";
		};
		F6FA26F87349E32E94B1DDE12BC29325 /* Classes */ = {
			isa = PBXGroup;
			children = (
				586BF5EC5BC5114C130DA3273CDB061D /* FLTURLLauncherPlugin.h */,
				04CF3D68642690512D708C358E4999B6 /* FLTURLLauncherPlugin.m */,
				25CFB4764ECBA5EE6E7430C4ABA3ADEF /* FLTURLLauncherPlugin_Test.h */,
				C82D9E91DF26B78CFEF6C7250E970EE8 /* FULLauncher.h */,
				F7D8EA4BCAD936B49AE07FACB4523041 /* messages.g.h */,
				2E997A3D20420D3596096424E2389AD2 /* messages.g.m */,
			);
			name = Classes;
			path = Classes;
			sourceTree = "<group>";
		};
		F99C87D297315AD4FF2354931EB0B0EE /* .. */ = {
			isa = PBXGroup;
			children = (
				72F58B995D4779957BC19CC42D0D5614 /* .. */,
			);
			name = ..;
			path = ..;
			sourceTree = "<group>";
		};
		FE3820D228790A7FB42BA22745F44CD4 /* plugins */ = {
			isa = PBXGroup;
			children = (
				55A40B40A3248EBAD29F12E621018EB1 /* package_info_plus */,
			);
			name = plugins;
			path = plugins;
			sourceTree = "<group>";
		};
/* End PBXGroup section */

/* Begin PBXHeadersBuildPhase section */
		142B3D4D76C500A061E6BCF30EC9A53C /* Headers */ = {
			isa = PBXHeadersBuildPhase;
			buildActionMask = 2147483647;
			files = (
				FC05A1BE39A9244D5B09A2F3B09A967A /* Pods-RunnerTests-umbrella.h in Headers */,
			);
			runOnlyForDeploymentPostprocessing = 0;
		};
		3FAB25D07856751C3AB1BCF404D2CE71 /* Headers */ = {
			isa = PBXHeadersBuildPhase;
			buildActionMask = 2147483647;
			files = (
				53021D177A3D4CF915C4629D68C13E82 /* FLTURLLauncherPlugin.h in Headers */,
				D3D54629B8D1CD4E5544D7EFE74D43AC /* FLTURLLauncherPlugin_Test.h in Headers */,
				A8275AFC2406AC3C3FD31D6994820D0A /* FULLauncher.h in Headers */,
				8229A95E9B39EA52A2062A5456198DEA /* messages.g.h in Headers */,
				7584B725C70DA8A4FC5977E392A2554B /* url_launcher_ios-umbrella.h in Headers */,
			);
			runOnlyForDeploymentPostprocessing = 0;
		};
		6BBF7D65AECF6FCC5136BAEBC525A3AB /* Headers */ = {
			isa = PBXHeadersBuildPhase;
			buildActionMask = 2147483647;
			files = (
				87D5A25211588FD4CADD9ABA5CC21F1C /* FLTPackageInfoPlusPlugin.h in Headers */,
				68B81FE48F62841060F4FEBD2C45C554 /* package_info_plus-umbrella.h in Headers */,
			);
			runOnlyForDeploymentPostprocessing = 0;
		};
		FA419AD28C31D248E3D5CCE2DA9A7958 /* Headers */ = {
			isa = PBXHeadersBuildPhase;
			buildActionMask = 2147483647;
			files = (
				8C072F0AE53A62992BA496E9F772C9FB /* Pods-Runner-umbrella.h in Headers */,
			);
			runOnlyForDeploymentPostprocessing = 0;
		};
/* End PBXHeadersBuildPhase section */

/* Begin PBXNativeTarget section */
		3232F0C0E7C65B232832393F9ADDD8C3 /* Pods-RunnerTests */ = {
			isa = PBXNativeTarget;
			buildConfigurationList = C93FE463016A8F6A183A1AD3D9FA6BAD /* Build configuration list for PBXNativeTarget "Pods-RunnerTests" */;
			buildPhases = (
				142B3D4D76C500A061E6BCF30EC9A53C /* Headers */,
				E10C36E928F64731CA20595F8549B229 /* Sources */,
				195B28298C85805794E9556F7EA07882 /* Frameworks */,
				1FCDCF5B151D07CE5E500ACCA90F4EF3 /* Resources */,
			);
			buildRules = (
			);
			dependencies = (
				23D39324D7F91FF2B955213A780A1F56 /* PBXTargetDependency */,
			);
			name = "Pods-RunnerTests";
			productName = Pods_RunnerTests;
			productReference = 6C3345B1B3CAEDF5B03B1F731FDC492E /* Pods-RunnerTests */;
			productType = "com.apple.product-type.framework";
		};
		54A00AF9F830F355D8FD8F6A4387F6A2 /* package_info_plus */ = {
			isa = PBXNativeTarget;
			buildConfigurationList = B1896E1FFE51726CA5B894190CFAB440 /* Build configuration list for PBXNativeTarget "package_info_plus" */;
			buildPhases = (
				6BBF7D65AECF6FCC5136BAEBC525A3AB /* Headers */,
				D5E6D17D5422E892FF51E5DF905637F6 /* Sources */,
				CFB7C2D7AF3EFD222DAC919F4C71CF11 /* Frameworks */,
				F1311F9D9421A40AEC15B62AECF5AD08 /* Resources */,
			);
			buildRules = (
			);
			dependencies = (
				F724D6754615BC75CC1C7BB7F20D9874 /* PBXTargetDependency */,
			);
			name = package_info_plus;
			productName = package_info_plus;
			productReference = C39BE06027F24EB0328A76E7507FA463 /* package_info_plus */;
			productType = "com.apple.product-type.framework";
		};
		8B74B458B450D74B75744B87BD747314 /* Pods-Runner */ = {
			isa = PBXNativeTarget;
			buildConfigurationList = 0BD5D97D63FDF497F1C16BBA7281E88C /* Build configuration list for PBXNativeTarget "Pods-Runner" */;
			buildPhases = (
				FA419AD28C31D248E3D5CCE2DA9A7958 /* Headers */,
				C0561D2C59E451D280F630BD21D9BCA4 /* Sources */,
				FF98C185B0E57E3BA2D2B8C02403D0EB /* Frameworks */,
				7165271121CBF7CCA1941627665ECDE5 /* Resources */,
			);
			buildRules = (
			);
			dependencies = (
				AB97F6347B9E1F10615CA7F569111455 /* PBXTargetDependency */,
				B5390C45D071153579A49D9C9F118764 /* PBXTargetDependency */,
				D4A10BB3BD83BBB59703122C16323BDF /* PBXTargetDependency */,
			);
			name = "Pods-Runner";
			productName = Pods_Runner;
			productReference = 669E8F25E1897672BDB80B7EB784DA24 /* Pods-Runner */;
			productType = "com.apple.product-type.framework";
		};
		DF45E85925DF410BE416B32171F59C1F /* url_launcher_ios */ = {
			isa = PBXNativeTarget;
			buildConfigurationList = 97CB8923289163D54E330CC575DDE0B4 /* Build configuration list for PBXNativeTarget "url_launcher_ios" */;
			buildPhases = (
				3FAB25D07856751C3AB1BCF404D2CE71 /* Headers */,
				5785DC8242A2D7C7DC9A1704C44AE25C /* Sources */,
				6E16A72BDAB169110C0C5A7F3754A255 /* Frameworks */,
				CE60CF62325158EA1A95794C6825C761 /* Resources */,
			);
			buildRules = (
			);
			dependencies = (
				B6ADA0F3B1C18B17911247CD340AFFF6 /* PBXTargetDependency */,
			);
			name = url_launcher_ios;
			productName = url_launcher_ios;
			productReference = 7B7C06D35B3BC2BD649AAA1A489E49DA /* url_launcher_ios */;
			productType = "com.apple.product-type.framework";
		};
/* End PBXNativeTarget section */

/* Begin PBXProject section */
		BFDFE7DC352907FC980B868725387E98 /* Project object */ = {
			isa = PBXProject;
			attributes = {
				LastSwiftUpdateCheck = 1300;
				LastUpgradeCheck = 1300;
			};
			buildConfigurationList = 4821239608C13582E20E6DA73FD5F1F9 /* Build configuration list for PBXProject "Pods" */;
			compatibilityVersion = "Xcode 12.0";
			developmentRegion = en;
			hasScannedForEncodings = 0;
			knownRegions = (
				Base,
				en,
			);
			mainGroup = CF1408CF629C7361332E53B88F7BD30C;
			productRefGroup = D7B05B413EFD2BF893B880C435550642 /* Products */;
			projectDirPath = "";
			projectRoot = "";
			targets = (
				1EFDDC32A34D56D411E640A81DCD9E73 /* Flutter */,
				54A00AF9F830F355D8FD8F6A4387F6A2 /* package_info_plus */,
				8B74B458B450D74B75744B87BD747314 /* Pods-Runner */,
				3232F0C0E7C65B232832393F9ADDD8C3 /* Pods-RunnerTests */,
				DF45E85925DF410BE416B32171F59C1F /* url_launcher_ios */,
			);
		};
/* End PBXProject section */

/* Begin PBXResourcesBuildPhase section */
		1FCDCF5B151D07CE5E500ACCA90F4EF3 /* Resources */ = {
			isa = PBXResourcesBuildPhase;
			buildActionMask = 2147483647;
			files = (
			);
			runOnlyForDeploymentPostprocessing = 0;
		};
		7165271121CBF7CCA1941627665ECDE5 /* Resources */ = {
			isa = PBXResourcesBuildPhase;
			buildActionMask = 2147483647;
			files = (
			);
			runOnlyForDeploymentPostprocessing = 0;
		};
		CE60CF62325158EA1A95794C6825C761 /* Resources */ = {
			isa = PBXResourcesBuildPhase;
			buildActionMask = 2147483647;
			files = (
			);
			runOnlyForDeploymentPostprocessing = 0;
		};
		F1311F9D9421A40AEC15B62AECF5AD08 /* Resources */ = {
			isa = PBXResourcesBuildPhase;
			buildActionMask = 2147483647;
			files = (
			);
			runOnlyForDeploymentPostprocessing = 0;
		};
/* End PBXResourcesBuildPhase section */

/* Begin PBXSourcesBuildPhase section */
		5785DC8242A2D7C7DC9A1704C44AE25C /* Sources */ = {
			isa = PBXSourcesBuildPhase;
			buildActionMask = 2147483647;
			files = (
				45888376B27FFC6CF9176BB9830FD5F4 /* FLTURLLauncherPlugin.m in Sources */,
				2E6D1B1DCC89E64E0A1FE912A1654DF9 /* messages.g.m in Sources */,
				616B25AB8F5564574F54A506882025B2 /* url_launcher_ios-dummy.m in Sources */,
			);
			runOnlyForDeploymentPostprocessing = 0;
		};
		C0561D2C59E451D280F630BD21D9BCA4 /* Sources */ = {
			isa = PBXSourcesBuildPhase;
			buildActionMask = 2147483647;
			files = (
				143C8892028B57588F3A64ED3DD58462 /* Pods-Runner-dummy.m in Sources */,
			);
			runOnlyForDeploymentPostprocessing = 0;
		};
		D5E6D17D5422E892FF51E5DF905637F6 /* Sources */ = {
			isa = PBXSourcesBuildPhase;
			buildActionMask = 2147483647;
			files = (
				05DC41CEADEF496ADD02A1C197BEEAA0 /* FLTPackageInfoPlusPlugin.m in Sources */,
				2871F59C74DB34DB578B75A31C49B78D /* package_info_plus-dummy.m in Sources */,
			);
			runOnlyForDeploymentPostprocessing = 0;
		};
		E10C36E928F64731CA20595F8549B229 /* Sources */ = {
			isa = PBXSourcesBuildPhase;
			buildActionMask = 2147483647;
			files = (
				6B1E62EB116E7D7A6252B6F079890306 /* Pods-RunnerTests-dummy.m in Sources */,
			);
			runOnlyForDeploymentPostprocessing = 0;
		};
/* End PBXSourcesBuildPhase section */

/* Begin PBXTargetDependency section */
		23D39324D7F91FF2B955213A780A1F56 /* PBXTargetDependency */ = {
			isa = PBXTargetDependency;
			name = "Pods-Runner";
			target = 8B74B458B450D74B75744B87BD747314 /* Pods-Runner */;
			targetProxy = 284868C94787184E47F02526AF61F60D /* PBXContainerItemProxy */;
		};
		AB97F6347B9E1F10615CA7F569111455 /* PBXTargetDependency */ = {
			isa = PBXTargetDependency;
			name = Flutter;
			target = 1EFDDC32A34D56D411E640A81DCD9E73 /* Flutter */;
			targetProxy = AE9765FD1F53BF32ACBB4479E362F5C1 /* PBXContainerItemProxy */;
		};
		B5390C45D071153579A49D9C9F118764 /* PBXTargetDependency */ = {
			isa = PBXTargetDependency;
			name = package_info_plus;
			target = 54A00AF9F830F355D8FD8F6A4387F6A2 /* package_info_plus */;
			targetProxy = FB2BE985B1DDF8C57ABC0BA34CEAA000 /* PBXContainerItemProxy */;
		};
		B6ADA0F3B1C18B17911247CD340AFFF6 /* PBXTargetDependency */ = {
			isa = PBXTargetDependency;
			name = Flutter;
			target = 1EFDDC32A34D56D411E640A81DCD9E73 /* Flutter */;
			targetProxy = FFD68A3F3F0BCE5C98FF200BBAA5BD14 /* PBXContainerItemProxy */;
		};
		D4A10BB3BD83BBB59703122C16323BDF /* PBXTargetDependency */ = {
			isa = PBXTargetDependency;
			name = url_launcher_ios;
			target = DF45E85925DF410BE416B32171F59C1F /* url_launcher_ios */;
			targetProxy = 2CE5ED6C5ADC1E9C18FBF5E3F2C845F9 /* PBXContainerItemProxy */;
		};
		F724D6754615BC75CC1C7BB7F20D9874 /* PBXTargetDependency */ = {
			isa = PBXTargetDependency;
			name = Flutter;
			target = 1EFDDC32A34D56D411E640A81DCD9E73 /* Flutter */;
			targetProxy = FD20FBEF7D382DF65F23B332A84B5B57 /* PBXContainerItemProxy */;
		};
/* End PBXTargetDependency section */

/* Begin XCBuildConfiguration section */
		123B0D65A35211FC43B8BEE770443D25 /* Release */ = {
			isa = XCBuildConfiguration;
			baseConfigurationReference = 33AAEFB8DCCEBDC2664D93138651BEB4 /* Flutter.release.xcconfig */;
			buildSettings = {
				ASSETCATALOG_COMPILER_APPICON_NAME = AppIcon;
				ASSETCATALOG_COMPILER_GLOBAL_ACCENT_COLOR_NAME = AccentColor;
				CLANG_ENABLE_OBJC_WEAK = NO;
				IPHONEOS_DEPLOYMENT_TARGET = 11.0;
				LD_RUNPATH_SEARCH_PATHS = (
					"$(inherited)",
					"@executable_path/Frameworks",
				);
				SDKROOT = iphoneos;
				TARGETED_DEVICE_FAMILY = "1,2";
				VALIDATE_PRODUCT = YES;
			};
			name = Release;
		};
		13513A1225109FFEE204C83D77FE618B /* Debug */ = {
			isa = XCBuildConfiguration;
			baseConfigurationReference = 4A3DD631DA28705FA6F807C265D1BE14 /* package_info_plus.debug.xcconfig */;
			buildSettings = {
				CLANG_ENABLE_OBJC_WEAK = NO;
				CLANG_WARN_QUOTED_INCLUDE_IN_FRAMEWORK_HEADER = NO;
				"CODE_SIGN_IDENTITY[sdk=appletvos*]" = "";
				"CODE_SIGN_IDENTITY[sdk=iphoneos*]" = "";
				"CODE_SIGN_IDENTITY[sdk=watchos*]" = "";
				CURRENT_PROJECT_VERSION = 1;
				DYLIB_COMPATIBILITY_VERSION = 1;
				DYLIB_CURRENT_VERSION = 1;
				DYLIB_INSTALL_NAME_BASE = "@rpath";
				ENABLE_BITCODE = NO;
				"EXCLUDED_ARCHS[sdk=iphoneos*]" = "$(inherited) armv7";
				"EXCLUDED_ARCHS[sdk=iphonesimulator*]" = "$(inherited) i386";
				"FRAMEWORK_SEARCH_PATHS[sdk=iphoneos*]" = (
					"\"/Users/hashi/Flutter/flutter/bin/cache/artifacts/engine/ios/Flutter.xcframework/ios-arm64\"",
					"$(inherited)",
				);
				"FRAMEWORK_SEARCH_PATHS[sdk=iphonesimulator*]" = (
					"\"/Users/hashi/Flutter/flutter/bin/cache/artifacts/engine/ios/Flutter.xcframework/ios-arm64_x86_64-simulator\"",
					"$(inherited)",
				);
				GCC_PREFIX_HEADER = "Target Support Files/package_info_plus/package_info_plus-prefix.pch";
				INFOPLIST_FILE = "Target Support Files/package_info_plus/package_info_plus-Info.plist";
				INSTALL_PATH = "$(LOCAL_LIBRARY_DIR)/Frameworks";
				IPHONEOS_DEPLOYMENT_TARGET = 11.0;
				LD_RUNPATH_SEARCH_PATHS = (
					"$(inherited)",
					"@executable_path/Frameworks",
					"@loader_path/Frameworks",
				);
				MODULEMAP_FILE = "Target Support Files/package_info_plus/package_info_plus.modulemap";
				ONLY_ACTIVE_ARCH = NO;
				OTHER_LDFLAGS = (
					"$(inherited)",
					"-framework",
					Flutter,
				);
				PRODUCT_MODULE_NAME = package_info_plus;
				PRODUCT_NAME = package_info_plus;
				SDKROOT = iphoneos;
				SKIP_INSTALL = YES;
				SWIFT_ACTIVE_COMPILATION_CONDITIONS = "$(inherited) ";
				SWIFT_VERSION = 5.0;
				TARGETED_DEVICE_FAMILY = "1,2";
				"VALID_ARCHS[sdk=iphonesimulator*]" = "$(ARCHS_STANDARD)";
				VERSIONING_SYSTEM = "apple-generic";
				VERSION_INFO_PREFIX = "";
			};
			name = Debug;
		};
		19B72B500BC60347FB107DD085B80B9C /* Release */ = {
			isa = XCBuildConfiguration;
			baseConfigurationReference = 20B5C0857CB1971B4C39DCBF1BC8C0E2 /* url_launcher_ios.release.xcconfig */;
			buildSettings = {
				CLANG_ENABLE_OBJC_WEAK = NO;
				CLANG_WARN_QUOTED_INCLUDE_IN_FRAMEWORK_HEADER = NO;
				"CODE_SIGN_IDENTITY[sdk=appletvos*]" = "";
				"CODE_SIGN_IDENTITY[sdk=iphoneos*]" = "";
				"CODE_SIGN_IDENTITY[sdk=watchos*]" = "";
				CURRENT_PROJECT_VERSION = 1;
				DYLIB_COMPATIBILITY_VERSION = 1;
				DYLIB_CURRENT_VERSION = 1;
				DYLIB_INSTALL_NAME_BASE = "@rpath";
				ENABLE_BITCODE = NO;
				"EXCLUDED_ARCHS[sdk=iphoneos*]" = "$(inherited) armv7";
				"EXCLUDED_ARCHS[sdk=iphonesimulator*]" = "$(inherited) i386";
				"FRAMEWORK_SEARCH_PATHS[sdk=iphoneos*]" = (
					"\"/Users/hashi/Flutter/flutter/bin/cache/artifacts/engine/ios-release/Flutter.xcframework/ios-arm64\"",
					"$(inherited)",
				);
				"FRAMEWORK_SEARCH_PATHS[sdk=iphonesimulator*]" = (
					"\"/Users/hashi/Flutter/flutter/bin/cache/artifacts/engine/ios-release/Flutter.xcframework/ios-arm64_x86_64-simulator\"",
					"$(inherited)",
				);
				GCC_PREFIX_HEADER = "Target Support Files/url_launcher_ios/url_launcher_ios-prefix.pch";
				INFOPLIST_FILE = "Target Support Files/url_launcher_ios/url_launcher_ios-Info.plist";
				INSTALL_PATH = "$(LOCAL_LIBRARY_DIR)/Frameworks";
				IPHONEOS_DEPLOYMENT_TARGET = 11.0;
				LD_RUNPATH_SEARCH_PATHS = (
					"$(inherited)",
					"@executable_path/Frameworks",
					"@loader_path/Frameworks",
				);
				MODULEMAP_FILE = "Target Support Files/url_launcher_ios/url_launcher_ios.modulemap";
				OTHER_LDFLAGS = (
					"$(inherited)",
					"-framework",
					Flutter,
				);
				PRODUCT_MODULE_NAME = url_launcher_ios;
				PRODUCT_NAME = url_launcher_ios;
				SDKROOT = iphoneos;
				SKIP_INSTALL = YES;
				SWIFT_ACTIVE_COMPILATION_CONDITIONS = "$(inherited) ";
				SWIFT_VERSION = 5.0;
				TARGETED_DEVICE_FAMILY = "1,2";
				VALIDATE_PRODUCT = YES;
				"VALID_ARCHS[sdk=iphonesimulator*]" = "$(ARCHS_STANDARD)";
				VERSIONING_SYSTEM = "apple-generic";
				VERSION_INFO_PREFIX = "";
			};
			name = Release;
		};
		220AEDBFFCE432A404A7FE1C2533B573 /* Debug */ = {
			isa = XCBuildConfiguration;
			baseConfigurationReference = 728A5ED1DD60BAC8C8F382A87B976F84 /* Pods-Runner.debug.xcconfig */;
			buildSettings = {
				ALWAYS_EMBED_SWIFT_STANDARD_LIBRARIES = NO;
				CLANG_ENABLE_OBJC_WEAK = NO;
				CLANG_WARN_QUOTED_INCLUDE_IN_FRAMEWORK_HEADER = NO;
				"CODE_SIGN_IDENTITY[sdk=appletvos*]" = "";
				"CODE_SIGN_IDENTITY[sdk=iphoneos*]" = "";
				"CODE_SIGN_IDENTITY[sdk=watchos*]" = "";
				CURRENT_PROJECT_VERSION = 1;
				DEFINES_MODULE = YES;
				DYLIB_COMPATIBILITY_VERSION = 1;
				DYLIB_CURRENT_VERSION = 1;
				DYLIB_INSTALL_NAME_BASE = "@rpath";
				ENABLE_BITCODE = NO;
				"EXCLUDED_ARCHS[sdk=iphoneos*]" = "$(inherited) armv7";
				"EXCLUDED_ARCHS[sdk=iphonesimulator*]" = "$(inherited) i386";
				"FRAMEWORK_SEARCH_PATHS[sdk=iphoneos*]" = (
					"\"/Users/hashi/Flutter/flutter/bin/cache/artifacts/engine/ios/Flutter.xcframework/ios-arm64\"",
					"$(inherited)",
				);
				"FRAMEWORK_SEARCH_PATHS[sdk=iphonesimulator*]" = (
					"\"/Users/hashi/Flutter/flutter/bin/cache/artifacts/engine/ios/Flutter.xcframework/ios-arm64_x86_64-simulator\"",
					"$(inherited)",
				);
				INFOPLIST_FILE = "Target Support Files/Pods-Runner/Pods-Runner-Info.plist";
				INSTALL_PATH = "$(LOCAL_LIBRARY_DIR)/Frameworks";
				IPHONEOS_DEPLOYMENT_TARGET = 11.0;
				LD_RUNPATH_SEARCH_PATHS = (
					"$(inherited)",
					"@executable_path/Frameworks",
					"@loader_path/Frameworks",
				);
				MACH_O_TYPE = staticlib;
				MODULEMAP_FILE = "Target Support Files/Pods-Runner/Pods-Runner.modulemap";
				ONLY_ACTIVE_ARCH = NO;
				OTHER_LDFLAGS = (
					"$(inherited)",
					"-framework",
					Flutter,
				);
				OTHER_LIBTOOLFLAGS = "";
				PODS_ROOT = "$(SRCROOT)";
				PRODUCT_BUNDLE_IDENTIFIER = "org.cocoapods.${PRODUCT_NAME:rfc1034identifier}";
				PRODUCT_NAME = "$(TARGET_NAME:c99extidentifier)";
				SDKROOT = iphoneos;
				SKIP_INSTALL = YES;
				TARGETED_DEVICE_FAMILY = "1,2";
				"VALID_ARCHS[sdk=iphonesimulator*]" = "$(ARCHS_STANDARD)";
				VERSIONING_SYSTEM = "apple-generic";
				VERSION_INFO_PREFIX = "";
			};
			name = Debug;
		};
		2BDD45B26933620B0814C9C57084C1CB /* Profile */ = {
			isa = XCBuildConfiguration;
			baseConfigurationReference = E736E0C9C5B73D27B8865E363E2108AC /* Pods-RunnerTests.profile.xcconfig */;
			buildSettings = {
				ALWAYS_EMBED_SWIFT_STANDARD_LIBRARIES = NO;
				CLANG_ENABLE_OBJC_WEAK = NO;
				"CODE_SIGN_IDENTITY[sdk=appletvos*]" = "";
				"CODE_SIGN_IDENTITY[sdk=iphoneos*]" = "";
				"CODE_SIGN_IDENTITY[sdk=watchos*]" = "";
				CURRENT_PROJECT_VERSION = 1;
				DEFINES_MODULE = YES;
				DYLIB_COMPATIBILITY_VERSION = 1;
				DYLIB_CURRENT_VERSION = 1;
				DYLIB_INSTALL_NAME_BASE = "@rpath";
				INFOPLIST_FILE = "Target Support Files/Pods-RunnerTests/Pods-RunnerTests-Info.plist";
				INSTALL_PATH = "$(LOCAL_LIBRARY_DIR)/Frameworks";
				IPHONEOS_DEPLOYMENT_TARGET = 11.0;
				LD_RUNPATH_SEARCH_PATHS = (
					"$(inherited)",
					"@executable_path/Frameworks",
					"@loader_path/Frameworks",
				);
				MACH_O_TYPE = staticlib;
				MODULEMAP_FILE = "Target Support Files/Pods-RunnerTests/Pods-RunnerTests.modulemap";
				OTHER_LDFLAGS = "";
				OTHER_LIBTOOLFLAGS = "";
				PODS_ROOT = "$(SRCROOT)";
				PRODUCT_BUNDLE_IDENTIFIER = "org.cocoapods.${PRODUCT_NAME:rfc1034identifier}";
				PRODUCT_NAME = "$(TARGET_NAME:c99extidentifier)";
				SDKROOT = iphoneos;
				SKIP_INSTALL = YES;
				TARGETED_DEVICE_FAMILY = "1,2";
				VALIDATE_PRODUCT = YES;
				VERSIONING_SYSTEM = "apple-generic";
				VERSION_INFO_PREFIX = "";
			};
			name = Profile;
		};
		3E86EDF51F4A791A2EFCE1E5E8FA7E99 /* Profile */ = {
			isa = XCBuildConfiguration;
			baseConfigurationReference = E9A9762ACC2EF58130537E5CEFA6AF4D /* package_info_plus.release.xcconfig */;
			buildSettings = {
				CLANG_ENABLE_OBJC_WEAK = NO;
				CLANG_WARN_QUOTED_INCLUDE_IN_FRAMEWORK_HEADER = NO;
				"CODE_SIGN_IDENTITY[sdk=appletvos*]" = "";
				"CODE_SIGN_IDENTITY[sdk=iphoneos*]" = "";
				"CODE_SIGN_IDENTITY[sdk=watchos*]" = "";
				CURRENT_PROJECT_VERSION = 1;
				DYLIB_COMPATIBILITY_VERSION = 1;
				DYLIB_CURRENT_VERSION = 1;
				DYLIB_INSTALL_NAME_BASE = "@rpath";
				ENABLE_BITCODE = NO;
				"EXCLUDED_ARCHS[sdk=iphoneos*]" = "$(inherited) armv7";
				"EXCLUDED_ARCHS[sdk=iphonesimulator*]" = "$(inherited) i386";
				"FRAMEWORK_SEARCH_PATHS[sdk=iphoneos*]" = (
					"\"/Users/hashi/Flutter/flutter/bin/cache/artifacts/engine/ios-release/Flutter.xcframework/ios-arm64\"",
					"$(inherited)",
				);
				"FRAMEWORK_SEARCH_PATHS[sdk=iphonesimulator*]" = (
					"\"/Users/hashi/Flutter/flutter/bin/cache/artifacts/engine/ios-release/Flutter.xcframework/ios-arm64_x86_64-simulator\"",
					"$(inherited)",
				);
				GCC_PREFIX_HEADER = "Target Support Files/package_info_plus/package_info_plus-prefix.pch";
				INFOPLIST_FILE = "Target Support Files/package_info_plus/package_info_plus-Info.plist";
				INSTALL_PATH = "$(LOCAL_LIBRARY_DIR)/Frameworks";
				IPHONEOS_DEPLOYMENT_TARGET = 11.0;
				LD_RUNPATH_SEARCH_PATHS = (
					"$(inherited)",
					"@executable_path/Frameworks",
					"@loader_path/Frameworks",
				);
				MODULEMAP_FILE = "Target Support Files/package_info_plus/package_info_plus.modulemap";
				OTHER_LDFLAGS = (
					"$(inherited)",
					"-framework",
					Flutter,
				);
				PRODUCT_MODULE_NAME = package_info_plus;
				PRODUCT_NAME = package_info_plus;
				SDKROOT = iphoneos;
				SKIP_INSTALL = YES;
				SWIFT_ACTIVE_COMPILATION_CONDITIONS = "$(inherited) ";
				SWIFT_VERSION = 5.0;
				TARGETED_DEVICE_FAMILY = "1,2";
				VALIDATE_PRODUCT = YES;
				"VALID_ARCHS[sdk=iphonesimulator*]" = "$(ARCHS_STANDARD)";
				VERSIONING_SYSTEM = "apple-generic";
				VERSION_INFO_PREFIX = "";
			};
			name = Profile;
		};
		791C5E30343F90E64B265B611DD3FCB7 /* Debug */ = {
			isa = XCBuildConfiguration;
			baseConfigurationReference = E3726B5E4838FD0A08AA66A32E70B49E /* url_launcher_ios.debug.xcconfig */;
			buildSettings = {
				CLANG_ENABLE_OBJC_WEAK = NO;
				CLANG_WARN_QUOTED_INCLUDE_IN_FRAMEWORK_HEADER = NO;
				"CODE_SIGN_IDENTITY[sdk=appletvos*]" = "";
				"CODE_SIGN_IDENTITY[sdk=iphoneos*]" = "";
				"CODE_SIGN_IDENTITY[sdk=watchos*]" = "";
				CURRENT_PROJECT_VERSION = 1;
				DYLIB_COMPATIBILITY_VERSION = 1;
				DYLIB_CURRENT_VERSION = 1;
				DYLIB_INSTALL_NAME_BASE = "@rpath";
				ENABLE_BITCODE = NO;
				"EXCLUDED_ARCHS[sdk=iphoneos*]" = "$(inherited) armv7";
				"EXCLUDED_ARCHS[sdk=iphonesimulator*]" = "$(inherited) i386";
				"FRAMEWORK_SEARCH_PATHS[sdk=iphoneos*]" = (
					"\"/Users/hashi/Flutter/flutter/bin/cache/artifacts/engine/ios/Flutter.xcframework/ios-arm64\"",
					"$(inherited)",
				);
				"FRAMEWORK_SEARCH_PATHS[sdk=iphonesimulator*]" = (
					"\"/Users/hashi/Flutter/flutter/bin/cache/artifacts/engine/ios/Flutter.xcframework/ios-arm64_x86_64-simulator\"",
					"$(inherited)",
				);
				GCC_PREFIX_HEADER = "Target Support Files/url_launcher_ios/url_launcher_ios-prefix.pch";
				INFOPLIST_FILE = "Target Support Files/url_launcher_ios/url_launcher_ios-Info.plist";
				INSTALL_PATH = "$(LOCAL_LIBRARY_DIR)/Frameworks";
				IPHONEOS_DEPLOYMENT_TARGET = 11.0;
				LD_RUNPATH_SEARCH_PATHS = (
					"$(inherited)",
					"@executable_path/Frameworks",
					"@loader_path/Frameworks",
				);
				MODULEMAP_FILE = "Target Support Files/url_launcher_ios/url_launcher_ios.modulemap";
				ONLY_ACTIVE_ARCH = NO;
				OTHER_LDFLAGS = (
					"$(inherited)",
					"-framework",
					Flutter,
				);
				PRODUCT_MODULE_NAME = url_launcher_ios;
				PRODUCT_NAME = url_launcher_ios;
				SDKROOT = iphoneos;
				SKIP_INSTALL = YES;
				SWIFT_ACTIVE_COMPILATION_CONDITIONS = "$(inherited) ";
				SWIFT_VERSION = 5.0;
				TARGETED_DEVICE_FAMILY = "1,2";
				"VALID_ARCHS[sdk=iphonesimulator*]" = "$(ARCHS_STANDARD)";
				VERSIONING_SYSTEM = "apple-generic";
				VERSION_INFO_PREFIX = "";
			};
			name = Debug;
		};
		8C161961DA06FAE05534A2172725EE12 /* Debug */ = {
			isa = XCBuildConfiguration;
			baseConfigurationReference = 03E8AD2E8B75443E12D3D3BD12A9900E /* Pods-RunnerTests.debug.xcconfig */;
			buildSettings = {
				ALWAYS_EMBED_SWIFT_STANDARD_LIBRARIES = NO;
				CLANG_ENABLE_OBJC_WEAK = NO;
				"CODE_SIGN_IDENTITY[sdk=appletvos*]" = "";
				"CODE_SIGN_IDENTITY[sdk=iphoneos*]" = "";
				"CODE_SIGN_IDENTITY[sdk=watchos*]" = "";
				CURRENT_PROJECT_VERSION = 1;
				DEFINES_MODULE = YES;
				DYLIB_COMPATIBILITY_VERSION = 1;
				DYLIB_CURRENT_VERSION = 1;
				DYLIB_INSTALL_NAME_BASE = "@rpath";
				INFOPLIST_FILE = "Target Support Files/Pods-RunnerTests/Pods-RunnerTests-Info.plist";
				INSTALL_PATH = "$(LOCAL_LIBRARY_DIR)/Frameworks";
				IPHONEOS_DEPLOYMENT_TARGET = 11.0;
				LD_RUNPATH_SEARCH_PATHS = (
					"$(inherited)",
					"@executable_path/Frameworks",
					"@loader_path/Frameworks",
				);
				MACH_O_TYPE = staticlib;
				MODULEMAP_FILE = "Target Support Files/Pods-RunnerTests/Pods-RunnerTests.modulemap";
				ONLY_ACTIVE_ARCH = NO;
				OTHER_LDFLAGS = "";
				OTHER_LIBTOOLFLAGS = "";
				PODS_ROOT = "$(SRCROOT)";
				PRODUCT_BUNDLE_IDENTIFIER = "org.cocoapods.${PRODUCT_NAME:rfc1034identifier}";
				PRODUCT_NAME = "$(TARGET_NAME:c99extidentifier)";
				SDKROOT = iphoneos;
				SKIP_INSTALL = YES;
				TARGETED_DEVICE_FAMILY = "1,2";
				VERSIONING_SYSTEM = "apple-generic";
				VERSION_INFO_PREFIX = "";
			};
			name = Debug;
		};
		8E61AE86C2288AD6536041F9C53D67D7 /* Release */ = {
			isa = XCBuildConfiguration;
			baseConfigurationReference = E9A9762ACC2EF58130537E5CEFA6AF4D /* package_info_plus.release.xcconfig */;
			buildSettings = {
				CLANG_ENABLE_OBJC_WEAK = NO;
				CLANG_WARN_QUOTED_INCLUDE_IN_FRAMEWORK_HEADER = NO;
				"CODE_SIGN_IDENTITY[sdk=appletvos*]" = "";
				"CODE_SIGN_IDENTITY[sdk=iphoneos*]" = "";
				"CODE_SIGN_IDENTITY[sdk=watchos*]" = "";
				CURRENT_PROJECT_VERSION = 1;
				DYLIB_COMPATIBILITY_VERSION = 1;
				DYLIB_CURRENT_VERSION = 1;
				DYLIB_INSTALL_NAME_BASE = "@rpath";
				ENABLE_BITCODE = NO;
				"EXCLUDED_ARCHS[sdk=iphoneos*]" = "$(inherited) armv7";
				"EXCLUDED_ARCHS[sdk=iphonesimulator*]" = "$(inherited) i386";
				"FRAMEWORK_SEARCH_PATHS[sdk=iphoneos*]" = (
					"\"/Users/hashi/Flutter/flutter/bin/cache/artifacts/engine/ios-release/Flutter.xcframework/ios-arm64\"",
					"$(inherited)",
				);
				"FRAMEWORK_SEARCH_PATHS[sdk=iphonesimulator*]" = (
					"\"/Users/hashi/Flutter/flutter/bin/cache/artifacts/engine/ios-release/Flutter.xcframework/ios-arm64_x86_64-simulator\"",
					"$(inherited)",
				);
				GCC_PREFIX_HEADER = "Target Support Files/package_info_plus/package_info_plus-prefix.pch";
				INFOPLIST_FILE = "Target Support Files/package_info_plus/package_info_plus-Info.plist";
				INSTALL_PATH = "$(LOCAL_LIBRARY_DIR)/Frameworks";
				IPHONEOS_DEPLOYMENT_TARGET = 11.0;
				LD_RUNPATH_SEARCH_PATHS = (
					"$(inherited)",
					"@executable_path/Frameworks",
					"@loader_path/Frameworks",
				);
				MODULEMAP_FILE = "Target Support Files/package_info_plus/package_info_plus.modulemap";
				OTHER_LDFLAGS = (
					"$(inherited)",
					"-framework",
					Flutter,
				);
				PRODUCT_MODULE_NAME = package_info_plus;
				PRODUCT_NAME = package_info_plus;
				SDKROOT = iphoneos;
				SKIP_INSTALL = YES;
				SWIFT_ACTIVE_COMPILATION_CONDITIONS = "$(inherited) ";
				SWIFT_VERSION = 5.0;
				TARGETED_DEVICE_FAMILY = "1,2";
				VALIDATE_PRODUCT = YES;
				"VALID_ARCHS[sdk=iphonesimulator*]" = "$(ARCHS_STANDARD)";
				VERSIONING_SYSTEM = "apple-generic";
				VERSION_INFO_PREFIX = "";
			};
			name = Release;
		};
		903A0004D3E6651EFD5D2E16214D101B /* Release */ = {
			isa = XCBuildConfiguration;
			buildSettings = {
				ALWAYS_SEARCH_USER_PATHS = NO;
				CLANG_ANALYZER_LOCALIZABILITY_NONLOCALIZED = YES;
				CLANG_ANALYZER_NONNULL = YES;
				CLANG_ANALYZER_NUMBER_OBJECT_CONVERSION = YES_AGGRESSIVE;
				CLANG_CXX_LANGUAGE_STANDARD = "gnu++14";
				CLANG_CXX_LIBRARY = "libc++";
				CLANG_ENABLE_MODULES = YES;
				CLANG_ENABLE_OBJC_ARC = YES;
				CLANG_ENABLE_OBJC_WEAK = YES;
				CLANG_WARN_BLOCK_CAPTURE_AUTORELEASING = YES;
				CLANG_WARN_BOOL_CONVERSION = YES;
				CLANG_WARN_COMMA = YES;
				CLANG_WARN_CONSTANT_CONVERSION = YES;
				CLANG_WARN_DEPRECATED_OBJC_IMPLEMENTATIONS = YES;
				CLANG_WARN_DIRECT_OBJC_ISA_USAGE = YES_ERROR;
				CLANG_WARN_DOCUMENTATION_COMMENTS = YES;
				CLANG_WARN_EMPTY_BODY = YES;
				CLANG_WARN_ENUM_CONVERSION = YES;
				CLANG_WARN_INFINITE_RECURSION = YES;
				CLANG_WARN_INT_CONVERSION = YES;
				CLANG_WARN_NON_LITERAL_NULL_CONVERSION = YES;
				CLANG_WARN_OBJC_IMPLICIT_RETAIN_SELF = YES;
				CLANG_WARN_OBJC_LITERAL_CONVERSION = YES;
				CLANG_WARN_OBJC_ROOT_CLASS = YES_ERROR;
				CLANG_WARN_QUOTED_INCLUDE_IN_FRAMEWORK_HEADER = YES;
				CLANG_WARN_RANGE_LOOP_ANALYSIS = YES;
				CLANG_WARN_STRICT_PROTOTYPES = YES;
				CLANG_WARN_SUSPICIOUS_MOVE = YES;
				CLANG_WARN_UNGUARDED_AVAILABILITY = YES_AGGRESSIVE;
				CLANG_WARN_UNREACHABLE_CODE = YES;
				CLANG_WARN__DUPLICATE_METHOD_MATCH = YES;
				COPY_PHASE_STRIP = NO;
				DEBUG_INFORMATION_FORMAT = "dwarf-with-dsym";
				ENABLE_NS_ASSERTIONS = NO;
				ENABLE_STRICT_OBJC_MSGSEND = YES;
				GCC_C_LANGUAGE_STANDARD = gnu11;
				GCC_NO_COMMON_BLOCKS = YES;
				GCC_PREPROCESSOR_DEFINITIONS = (
					"POD_CONFIGURATION_RELEASE=1",
					"$(inherited)",
				);
				GCC_WARN_64_TO_32_BIT_CONVERSION = YES;
				GCC_WARN_ABOUT_RETURN_TYPE = YES_ERROR;
				GCC_WARN_UNDECLARED_SELECTOR = YES;
				GCC_WARN_UNINITIALIZED_AUTOS = YES_AGGRESSIVE;
				GCC_WARN_UNUSED_FUNCTION = YES;
				GCC_WARN_UNUSED_VARIABLE = YES;
				IPHONEOS_DEPLOYMENT_TARGET = 11.0;
				MTL_ENABLE_DEBUG_INFO = NO;
				MTL_FAST_MATH = YES;
				PRODUCT_NAME = "$(TARGET_NAME)";
				STRIP_INSTALLED_PRODUCT = NO;
				SWIFT_COMPILATION_MODE = wholemodule;
				SWIFT_OPTIMIZATION_LEVEL = "-O";
				SWIFT_VERSION = 5.0;
				SYMROOT = "${SRCROOT}/../build";
			};
			name = Release;
		};
		9498D2532E60DBDF41603C51B60E35E8 /* Profile */ = {
			isa = XCBuildConfiguration;
			baseConfigurationReference = 33AAEFB8DCCEBDC2664D93138651BEB4 /* Flutter.release.xcconfig */;
			buildSettings = {
				ASSETCATALOG_COMPILER_APPICON_NAME = AppIcon;
				ASSETCATALOG_COMPILER_GLOBAL_ACCENT_COLOR_NAME = AccentColor;
				CLANG_ENABLE_OBJC_WEAK = NO;
				IPHONEOS_DEPLOYMENT_TARGET = 11.0;
				LD_RUNPATH_SEARCH_PATHS = (
					"$(inherited)",
					"@executable_path/Frameworks",
				);
				SDKROOT = iphoneos;
				TARGETED_DEVICE_FAMILY = "1,2";
				VALIDATE_PRODUCT = YES;
			};
			name = Profile;
		};
		A045C7A6D99F4F60840B1F19D32848E6 /* Debug */ = {
			isa = XCBuildConfiguration;
			baseConfigurationReference = 32212A69AC7DB08A1FFF8EA16DAA4A65 /* Flutter.debug.xcconfig */;
			buildSettings = {
				ASSETCATALOG_COMPILER_APPICON_NAME = AppIcon;
				ASSETCATALOG_COMPILER_GLOBAL_ACCENT_COLOR_NAME = AccentColor;
				CLANG_ENABLE_OBJC_WEAK = NO;
				IPHONEOS_DEPLOYMENT_TARGET = 11.0;
				LD_RUNPATH_SEARCH_PATHS = (
					"$(inherited)",
					"@executable_path/Frameworks",
				);
				ONLY_ACTIVE_ARCH = NO;
				SDKROOT = iphoneos;
				TARGETED_DEVICE_FAMILY = "1,2";
			};
			name = Debug;
		};
		A303CC9A397300A42633A6A10C64436B /* Profile */ = {
			isa = XCBuildConfiguration;
			baseConfigurationReference = C50FD10CD19FF6999637BA5ECAF1681B /* Pods-Runner.profile.xcconfig */;
			buildSettings = {
				ALWAYS_EMBED_SWIFT_STANDARD_LIBRARIES = NO;
				CLANG_ENABLE_OBJC_WEAK = NO;
				CLANG_WARN_QUOTED_INCLUDE_IN_FRAMEWORK_HEADER = NO;
				"CODE_SIGN_IDENTITY[sdk=appletvos*]" = "";
				"CODE_SIGN_IDENTITY[sdk=iphoneos*]" = "";
				"CODE_SIGN_IDENTITY[sdk=watchos*]" = "";
				CURRENT_PROJECT_VERSION = 1;
				DEFINES_MODULE = YES;
				DYLIB_COMPATIBILITY_VERSION = 1;
				DYLIB_CURRENT_VERSION = 1;
				DYLIB_INSTALL_NAME_BASE = "@rpath";
				ENABLE_BITCODE = NO;
				"EXCLUDED_ARCHS[sdk=iphoneos*]" = "$(inherited) armv7";
				"EXCLUDED_ARCHS[sdk=iphonesimulator*]" = "$(inherited) i386";
				"FRAMEWORK_SEARCH_PATHS[sdk=iphoneos*]" = (
					"\"/Users/hashi/Flutter/flutter/bin/cache/artifacts/engine/ios-release/Flutter.xcframework/ios-arm64\"",
					"$(inherited)",
				);
				"FRAMEWORK_SEARCH_PATHS[sdk=iphonesimulator*]" = (
					"\"/Users/hashi/Flutter/flutter/bin/cache/artifacts/engine/ios-release/Flutter.xcframework/ios-arm64_x86_64-simulator\"",
					"$(inherited)",
				);
				INFOPLIST_FILE = "Target Support Files/Pods-Runner/Pods-Runner-Info.plist";
				INSTALL_PATH = "$(LOCAL_LIBRARY_DIR)/Frameworks";
				IPHONEOS_DEPLOYMENT_TARGET = 11.0;
				LD_RUNPATH_SEARCH_PATHS = (
					"$(inherited)",
					"@executable_path/Frameworks",
					"@loader_path/Frameworks",
				);
				MACH_O_TYPE = staticlib;
				MODULEMAP_FILE = "Target Support Files/Pods-Runner/Pods-Runner.modulemap";
				OTHER_LDFLAGS = (
					"$(inherited)",
					"-framework",
					Flutter,
				);
				OTHER_LIBTOOLFLAGS = "";
				PODS_ROOT = "$(SRCROOT)";
				PRODUCT_BUNDLE_IDENTIFIER = "org.cocoapods.${PRODUCT_NAME:rfc1034identifier}";
				PRODUCT_NAME = "$(TARGET_NAME:c99extidentifier)";
				SDKROOT = iphoneos;
				SKIP_INSTALL = YES;
				TARGETED_DEVICE_FAMILY = "1,2";
				VALIDATE_PRODUCT = YES;
				"VALID_ARCHS[sdk=iphonesimulator*]" = "$(ARCHS_STANDARD)";
				VERSIONING_SYSTEM = "apple-generic";
				VERSION_INFO_PREFIX = "";
			};
			name = Profile;
		};
		B2109FAC9B458CC2D799196491A5C8D0 /* Release */ = {
			isa = XCBuildConfiguration;
			baseConfigurationReference = AC8FE152530FBDCE460186B326C1A8FB /* Pods-RunnerTests.release.xcconfig */;
			buildSettings = {
				ALWAYS_EMBED_SWIFT_STANDARD_LIBRARIES = NO;
				CLANG_ENABLE_OBJC_WEAK = NO;
				"CODE_SIGN_IDENTITY[sdk=appletvos*]" = "";
				"CODE_SIGN_IDENTITY[sdk=iphoneos*]" = "";
				"CODE_SIGN_IDENTITY[sdk=watchos*]" = "";
				CURRENT_PROJECT_VERSION = 1;
				DEFINES_MODULE = YES;
				DYLIB_COMPATIBILITY_VERSION = 1;
				DYLIB_CURRENT_VERSION = 1;
				DYLIB_INSTALL_NAME_BASE = "@rpath";
				INFOPLIST_FILE = "Target Support Files/Pods-RunnerTests/Pods-RunnerTests-Info.plist";
				INSTALL_PATH = "$(LOCAL_LIBRARY_DIR)/Frameworks";
				IPHONEOS_DEPLOYMENT_TARGET = 11.0;
				LD_RUNPATH_SEARCH_PATHS = (
					"$(inherited)",
					"@executable_path/Frameworks",
					"@loader_path/Frameworks",
				);
				MACH_O_TYPE = staticlib;
				MODULEMAP_FILE = "Target Support Files/Pods-RunnerTests/Pods-RunnerTests.modulemap";
				OTHER_LDFLAGS = "";
				OTHER_LIBTOOLFLAGS = "";
				PODS_ROOT = "$(SRCROOT)";
				PRODUCT_BUNDLE_IDENTIFIER = "org.cocoapods.${PRODUCT_NAME:rfc1034identifier}";
				PRODUCT_NAME = "$(TARGET_NAME:c99extidentifier)";
				SDKROOT = iphoneos;
				SKIP_INSTALL = YES;
				TARGETED_DEVICE_FAMILY = "1,2";
				VALIDATE_PRODUCT = YES;
				VERSIONING_SYSTEM = "apple-generic";
				VERSION_INFO_PREFIX = "";
			};
			name = Release;
		};
		B4EFE046ACF8F37157F6E322C7FCFC28 /* Debug */ = {
			isa = XCBuildConfiguration;
			buildSettings = {
				ALWAYS_SEARCH_USER_PATHS = NO;
				CLANG_ANALYZER_LOCALIZABILITY_NONLOCALIZED = YES;
				CLANG_ANALYZER_NONNULL = YES;
				CLANG_ANALYZER_NUMBER_OBJECT_CONVERSION = YES_AGGRESSIVE;
				CLANG_CXX_LANGUAGE_STANDARD = "gnu++14";
				CLANG_CXX_LIBRARY = "libc++";
				CLANG_ENABLE_MODULES = YES;
				CLANG_ENABLE_OBJC_ARC = YES;
				CLANG_ENABLE_OBJC_WEAK = YES;
				CLANG_WARN_BLOCK_CAPTURE_AUTORELEASING = YES;
				CLANG_WARN_BOOL_CONVERSION = YES;
				CLANG_WARN_COMMA = YES;
				CLANG_WARN_CONSTANT_CONVERSION = YES;
				CLANG_WARN_DEPRECATED_OBJC_IMPLEMENTATIONS = YES;
				CLANG_WARN_DIRECT_OBJC_ISA_USAGE = YES_ERROR;
				CLANG_WARN_DOCUMENTATION_COMMENTS = YES;
				CLANG_WARN_EMPTY_BODY = YES;
				CLANG_WARN_ENUM_CONVERSION = YES;
				CLANG_WARN_INFINITE_RECURSION = YES;
				CLANG_WARN_INT_CONVERSION = YES;
				CLANG_WARN_NON_LITERAL_NULL_CONVERSION = YES;
				CLANG_WARN_OBJC_IMPLICIT_RETAIN_SELF = YES;
				CLANG_WARN_OBJC_LITERAL_CONVERSION = YES;
				CLANG_WARN_OBJC_ROOT_CLASS = YES_ERROR;
				CLANG_WARN_QUOTED_INCLUDE_IN_FRAMEWORK_HEADER = YES;
				CLANG_WARN_RANGE_LOOP_ANALYSIS = YES;
				CLANG_WARN_STRICT_PROTOTYPES = YES;
				CLANG_WARN_SUSPICIOUS_MOVE = YES;
				CLANG_WARN_UNGUARDED_AVAILABILITY = YES_AGGRESSIVE;
				CLANG_WARN_UNREACHABLE_CODE = YES;
				CLANG_WARN__DUPLICATE_METHOD_MATCH = YES;
				COPY_PHASE_STRIP = NO;
				DEBUG_INFORMATION_FORMAT = dwarf;
				ENABLE_STRICT_OBJC_MSGSEND = YES;
				ENABLE_TESTABILITY = YES;
				GCC_C_LANGUAGE_STANDARD = gnu11;
				GCC_DYNAMIC_NO_PIC = NO;
				GCC_NO_COMMON_BLOCKS = YES;
				GCC_OPTIMIZATION_LEVEL = 0;
				GCC_PREPROCESSOR_DEFINITIONS = (
					"POD_CONFIGURATION_DEBUG=1",
					"DEBUG=1",
					"$(inherited)",
				);
				GCC_WARN_64_TO_32_BIT_CONVERSION = YES;
				GCC_WARN_ABOUT_RETURN_TYPE = YES_ERROR;
				GCC_WARN_UNDECLARED_SELECTOR = YES;
				GCC_WARN_UNINITIALIZED_AUTOS = YES_AGGRESSIVE;
				GCC_WARN_UNUSED_FUNCTION = YES;
				GCC_WARN_UNUSED_VARIABLE = YES;
				IPHONEOS_DEPLOYMENT_TARGET = 11.0;
				MTL_ENABLE_DEBUG_INFO = INCLUDE_SOURCE;
				MTL_FAST_MATH = YES;
				ONLY_ACTIVE_ARCH = YES;
				PRODUCT_NAME = "$(TARGET_NAME)";
				STRIP_INSTALLED_PRODUCT = NO;
				SWIFT_ACTIVE_COMPILATION_CONDITIONS = DEBUG;
				SWIFT_OPTIMIZATION_LEVEL = "-Onone";
				SWIFT_VERSION = 5.0;
				SYMROOT = "${SRCROOT}/../build";
			};
			name = Debug;
		};
		BF0CF0CD0975F5F992D003474EC43C01 /* Release */ = {
			isa = XCBuildConfiguration;
			baseConfigurationReference = B703785507B22BAF0B800737429577EC /* Pods-Runner.release.xcconfig */;
			buildSettings = {
				ALWAYS_EMBED_SWIFT_STANDARD_LIBRARIES = NO;
				CLANG_ENABLE_OBJC_WEAK = NO;
				CLANG_WARN_QUOTED_INCLUDE_IN_FRAMEWORK_HEADER = NO;
				"CODE_SIGN_IDENTITY[sdk=appletvos*]" = "";
				"CODE_SIGN_IDENTITY[sdk=iphoneos*]" = "";
				"CODE_SIGN_IDENTITY[sdk=watchos*]" = "";
				CURRENT_PROJECT_VERSION = 1;
				DEFINES_MODULE = YES;
				DYLIB_COMPATIBILITY_VERSION = 1;
				DYLIB_CURRENT_VERSION = 1;
				DYLIB_INSTALL_NAME_BASE = "@rpath";
				ENABLE_BITCODE = NO;
				"EXCLUDED_ARCHS[sdk=iphoneos*]" = "$(inherited) armv7";
				"EXCLUDED_ARCHS[sdk=iphonesimulator*]" = "$(inherited) i386";
				"FRAMEWORK_SEARCH_PATHS[sdk=iphoneos*]" = (
					"\"/Users/hashi/Flutter/flutter/bin/cache/artifacts/engine/ios-release/Flutter.xcframework/ios-arm64\"",
					"$(inherited)",
				);
				"FRAMEWORK_SEARCH_PATHS[sdk=iphonesimulator*]" = (
					"\"/Users/hashi/Flutter/flutter/bin/cache/artifacts/engine/ios-release/Flutter.xcframework/ios-arm64_x86_64-simulator\"",
					"$(inherited)",
				);
				INFOPLIST_FILE = "Target Support Files/Pods-Runner/Pods-Runner-Info.plist";
				INSTALL_PATH = "$(LOCAL_LIBRARY_DIR)/Frameworks";
				IPHONEOS_DEPLOYMENT_TARGET = 11.0;
				LD_RUNPATH_SEARCH_PATHS = (
					"$(inherited)",
					"@executable_path/Frameworks",
					"@loader_path/Frameworks",
				);
				MACH_O_TYPE = staticlib;
				MODULEMAP_FILE = "Target Support Files/Pods-Runner/Pods-Runner.modulemap";
				OTHER_LDFLAGS = (
					"$(inherited)",
					"-framework",
					Flutter,
				);
				OTHER_LIBTOOLFLAGS = "";
				PODS_ROOT = "$(SRCROOT)";
				PRODUCT_BUNDLE_IDENTIFIER = "org.cocoapods.${PRODUCT_NAME:rfc1034identifier}";
				PRODUCT_NAME = "$(TARGET_NAME:c99extidentifier)";
				SDKROOT = iphoneos;
				SKIP_INSTALL = YES;
				TARGETED_DEVICE_FAMILY = "1,2";
				VALIDATE_PRODUCT = YES;
				"VALID_ARCHS[sdk=iphonesimulator*]" = "$(ARCHS_STANDARD)";
				VERSIONING_SYSTEM = "apple-generic";
				VERSION_INFO_PREFIX = "";
			};
			name = Release;
		};
		D35203E385A7872528DFF0817AD23290 /* Profile */ = {
			isa = XCBuildConfiguration;
			baseConfigurationReference = 20B5C0857CB1971B4C39DCBF1BC8C0E2 /* url_launcher_ios.release.xcconfig */;
			buildSettings = {
				CLANG_ENABLE_OBJC_WEAK = NO;
				CLANG_WARN_QUOTED_INCLUDE_IN_FRAMEWORK_HEADER = NO;
				"CODE_SIGN_IDENTITY[sdk=appletvos*]" = "";
				"CODE_SIGN_IDENTITY[sdk=iphoneos*]" = "";
				"CODE_SIGN_IDENTITY[sdk=watchos*]" = "";
				CURRENT_PROJECT_VERSION = 1;
				DYLIB_COMPATIBILITY_VERSION = 1;
				DYLIB_CURRENT_VERSION = 1;
				DYLIB_INSTALL_NAME_BASE = "@rpath";
				ENABLE_BITCODE = NO;
				"EXCLUDED_ARCHS[sdk=iphoneos*]" = "$(inherited) armv7";
				"EXCLUDED_ARCHS[sdk=iphonesimulator*]" = "$(inherited) i386";
				"FRAMEWORK_SEARCH_PATHS[sdk=iphoneos*]" = (
					"\"/Users/hashi/Flutter/flutter/bin/cache/artifacts/engine/ios-release/Flutter.xcframework/ios-arm64\"",
					"$(inherited)",
				);
				"FRAMEWORK_SEARCH_PATHS[sdk=iphonesimulator*]" = (
					"\"/Users/hashi/Flutter/flutter/bin/cache/artifacts/engine/ios-release/Flutter.xcframework/ios-arm64_x86_64-simulator\"",
					"$(inherited)",
				);
				GCC_PREFIX_HEADER = "Target Support Files/url_launcher_ios/url_launcher_ios-prefix.pch";
				INFOPLIST_FILE = "Target Support Files/url_launcher_ios/url_launcher_ios-Info.plist";
				INSTALL_PATH = "$(LOCAL_LIBRARY_DIR)/Frameworks";
				IPHONEOS_DEPLOYMENT_TARGET = 11.0;
				LD_RUNPATH_SEARCH_PATHS = (
					"$(inherited)",
					"@executable_path/Frameworks",
					"@loader_path/Frameworks",
				);
				MODULEMAP_FILE = "Target Support Files/url_launcher_ios/url_launcher_ios.modulemap";
				OTHER_LDFLAGS = (
					"$(inherited)",
					"-framework",
					Flutter,
				);
				PRODUCT_MODULE_NAME = url_launcher_ios;
				PRODUCT_NAME = url_launcher_ios;
				SDKROOT = iphoneos;
				SKIP_INSTALL = YES;
				SWIFT_ACTIVE_COMPILATION_CONDITIONS = "$(inherited) ";
				SWIFT_VERSION = 5.0;
				TARGETED_DEVICE_FAMILY = "1,2";
				VALIDATE_PRODUCT = YES;
				"VALID_ARCHS[sdk=iphonesimulator*]" = "$(ARCHS_STANDARD)";
				VERSIONING_SYSTEM = "apple-generic";
				VERSION_INFO_PREFIX = "";
			};
			name = Profile;
		};
		DCF364D2CA5F270CAD355FD2FAFE3B13 /* Profile */ = {
			isa = XCBuildConfiguration;
			buildSettings = {
				ALWAYS_SEARCH_USER_PATHS = NO;
				CLANG_ANALYZER_LOCALIZABILITY_NONLOCALIZED = YES;
				CLANG_ANALYZER_NONNULL = YES;
				CLANG_ANALYZER_NUMBER_OBJECT_CONVERSION = YES_AGGRESSIVE;
				CLANG_CXX_LANGUAGE_STANDARD = "gnu++14";
				CLANG_CXX_LIBRARY = "libc++";
				CLANG_ENABLE_MODULES = YES;
				CLANG_ENABLE_OBJC_ARC = YES;
				CLANG_ENABLE_OBJC_WEAK = YES;
				CLANG_WARN_BLOCK_CAPTURE_AUTORELEASING = YES;
				CLANG_WARN_BOOL_CONVERSION = YES;
				CLANG_WARN_COMMA = YES;
				CLANG_WARN_CONSTANT_CONVERSION = YES;
				CLANG_WARN_DEPRECATED_OBJC_IMPLEMENTATIONS = YES;
				CLANG_WARN_DIRECT_OBJC_ISA_USAGE = YES_ERROR;
				CLANG_WARN_DOCUMENTATION_COMMENTS = YES;
				CLANG_WARN_EMPTY_BODY = YES;
				CLANG_WARN_ENUM_CONVERSION = YES;
				CLANG_WARN_INFINITE_RECURSION = YES;
				CLANG_WARN_INT_CONVERSION = YES;
				CLANG_WARN_NON_LITERAL_NULL_CONVERSION = YES;
				CLANG_WARN_OBJC_IMPLICIT_RETAIN_SELF = YES;
				CLANG_WARN_OBJC_LITERAL_CONVERSION = YES;
				CLANG_WARN_OBJC_ROOT_CLASS = YES_ERROR;
				CLANG_WARN_QUOTED_INCLUDE_IN_FRAMEWORK_HEADER = YES;
				CLANG_WARN_RANGE_LOOP_ANALYSIS = YES;
				CLANG_WARN_STRICT_PROTOTYPES = YES;
				CLANG_WARN_SUSPICIOUS_MOVE = YES;
				CLANG_WARN_UNGUARDED_AVAILABILITY = YES_AGGRESSIVE;
				CLANG_WARN_UNREACHABLE_CODE = YES;
				CLANG_WARN__DUPLICATE_METHOD_MATCH = YES;
				COPY_PHASE_STRIP = NO;
				DEBUG_INFORMATION_FORMAT = "dwarf-with-dsym";
				ENABLE_NS_ASSERTIONS = NO;
				ENABLE_STRICT_OBJC_MSGSEND = YES;
				GCC_C_LANGUAGE_STANDARD = gnu11;
				GCC_NO_COMMON_BLOCKS = YES;
				GCC_PREPROCESSOR_DEFINITIONS = (
					"POD_CONFIGURATION_PROFILE=1",
					"$(inherited)",
				);
				GCC_WARN_64_TO_32_BIT_CONVERSION = YES;
				GCC_WARN_ABOUT_RETURN_TYPE = YES_ERROR;
				GCC_WARN_UNDECLARED_SELECTOR = YES;
				GCC_WARN_UNINITIALIZED_AUTOS = YES_AGGRESSIVE;
				GCC_WARN_UNUSED_FUNCTION = YES;
				GCC_WARN_UNUSED_VARIABLE = YES;
				IPHONEOS_DEPLOYMENT_TARGET = 11.0;
				MTL_ENABLE_DEBUG_INFO = NO;
				MTL_FAST_MATH = YES;
				PRODUCT_NAME = "$(TARGET_NAME)";
				STRIP_INSTALLED_PRODUCT = NO;
				SWIFT_COMPILATION_MODE = wholemodule;
				SWIFT_OPTIMIZATION_LEVEL = "-O";
				SWIFT_VERSION = 5.0;
				SYMROOT = "${SRCROOT}/../build";
			};
			name = Profile;
		};
/* End XCBuildConfiguration section */

/* Begin XCConfigurationList section */
		0BD5D97D63FDF497F1C16BBA7281E88C /* Build configuration list for PBXNativeTarget "Pods-Runner" */ = {
			isa = XCConfigurationList;
			buildConfigurations = (
				220AEDBFFCE432A404A7FE1C2533B573 /* Debug */,
				A303CC9A397300A42633A6A10C64436B /* Profile */,
				BF0CF0CD0975F5F992D003474EC43C01 /* Release */,
			);
			defaultConfigurationIsVisible = 0;
			defaultConfigurationName = Release;
		};
		4821239608C13582E20E6DA73FD5F1F9 /* Build configuration list for PBXProject "Pods" */ = {
			isa = XCConfigurationList;
			buildConfigurations = (
				B4EFE046ACF8F37157F6E322C7FCFC28 /* Debug */,
				DCF364D2CA5F270CAD355FD2FAFE3B13 /* Profile */,
				903A0004D3E6651EFD5D2E16214D101B /* Release */,
			);
			defaultConfigurationIsVisible = 0;
			defaultConfigurationName = Release;
		};
		94078A06C17E946ADC1F2C06726219E5 /* Build configuration list for PBXAggregateTarget "Flutter" */ = {
			isa = XCConfigurationList;
			buildConfigurations = (
				A045C7A6D99F4F60840B1F19D32848E6 /* Debug */,
				9498D2532E60DBDF41603C51B60E35E8 /* Profile */,
				123B0D65A35211FC43B8BEE770443D25 /* Release */,
			);
			defaultConfigurationIsVisible = 0;
			defaultConfigurationName = Release;
		};
		97CB8923289163D54E330CC575DDE0B4 /* Build configuration list for PBXNativeTarget "url_launcher_ios" */ = {
			isa = XCConfigurationList;
			buildConfigurations = (
				791C5E30343F90E64B265B611DD3FCB7 /* Debug */,
				D35203E385A7872528DFF0817AD23290 /* Profile */,
				19B72B500BC60347FB107DD085B80B9C /* Release */,
			);
			defaultConfigurationIsVisible = 0;
			defaultConfigurationName = Release;
		};
		B1896E1FFE51726CA5B894190CFAB440 /* Build configuration list for PBXNativeTarget "package_info_plus" */ = {
			isa = XCConfigurationList;
			buildConfigurations = (
				13513A1225109FFEE204C83D77FE618B /* Debug */,
				3E86EDF51F4A791A2EFCE1E5E8FA7E99 /* Profile */,
				8E61AE86C2288AD6536041F9C53D67D7 /* Release */,
			);
			defaultConfigurationIsVisible = 0;
			defaultConfigurationName = Release;
		};
		C93FE463016A8F6A183A1AD3D9FA6BAD /* Build configuration list for PBXNativeTarget "Pods-RunnerTests" */ = {
			isa = XCConfigurationList;
			buildConfigurations = (
				8C161961DA06FAE05534A2172725EE12 /* Debug */,
				2BDD45B26933620B0814C9C57084C1CB /* Profile */,
				B2109FAC9B458CC2D799196491A5C8D0 /* Release */,
			);
			defaultConfigurationIsVisible = 0;
			defaultConfigurationName = Release;
		};
/* End XCConfigurationList section */
	};
	rootObject = BFDFE7DC352907FC980B868725387E98 /* Project object */;
}
